
Microsoft Visual Studio Solution File, Format Version 12.00
# Visual Studio Version 18
VisualStudioVersion = 18.1.11304.174
MinimumVisualStudioVersion = 10.0.40219.1
Project("{FAE04EC0-301F-11D3-BF4B-00C04F79EFBC}") = "ConsoleApp1", "ConsoleApp1\ConsoleApp1.csproj", "{6491A817-71FB-4A78-A0DB-4527D5AD0D3E}"
EndProject
Project("{FAE04EC0-301F-11D3-BF4B-00C04F79EFBC}") = "ConsoleApp2", "ConsoleApp2\ConsoleApp2.csproj", "{7AD3171C-51EB-4E69-ABBE-C1DD55406BF6}"
EndProject
Project("{FAE04EC0-301F-11D3-BF4B-00C04F79EFBC}") = "WindowsFormsApp1", "WindowsFormsApp1\WindowsFormsApp1.csproj", "{2F24A6C5-1447-49EA-A469-3B821F221E9A}"
EndProject
Project("{FAE04EC0-301F-11D3-BF4B-00C04F79EFBC}") = "ConsoleApp3", "ConsoleApp3\ConsoleApp3.csproj", "{9CC37A7E-7C4D-4690-86EA-112376265F28}"
EndProject
Project("{FAE04EC0-301F-11D3-BF4B-00C04F79EFBC}") = "ConsoleApp4", "ConsoleApp4\ConsoleApp4.csproj", "{BB9C3D47-5E66-41C8-8152-AD6EB96937DD}"
EndProject
Project("{FAE04EC0-301F-11D3-BF4B-00C04F79EFBC}") = "ConsoleApp5", "ConsoleApp5\ConsoleApp5.csproj", "{C0419D64-E383-4618-A055-6A6BC2DBADF1}"
EndProject
Project("{FAE04EC0-301F-11D3-BF4B-00C04F79EFBC}") = "ConsoleApp6", "ConsoleApp6\ConsoleApp6.csproj", "{A7B5B51B-F0E9-49EA-AE2C-DF90AB017EDD}"
EndProject
Project("{FAE04EC0-301F-11D3-BF4B-00C04F79EFBC}") = "ConsoleApp7", "ConsoleApp7\ConsoleApp7.csproj", "{F43432AF-DE59-44EF-918D-797BDF29D941}"
EndProject
Project("{FAE04EC0-301F-11D3-BF4B-00C04F79EFBC}") = "ConcatStringStringExec", "ConcatStringStringExec\ConcatStringStringExec.csproj", "{5048B0E4-857A-4468-A7EE-005F01AE7DAC}"
EndProject
Project("{FAE04EC0-301F-11D3-BF4B-00C04F79EFBC}") = "MultiLineStringExec", "MultiLineStringExec\MultiLineStringExec.csproj", "{3DB02477-B455-459F-B502-A99477D00930}"
EndProject
Project("{FAE04EC0-301F-11D3-BF4B-00C04F79EFBC}") = "01.30.10_Output", "Truncatexx\01.30.10_Output.csproj", "{184FE816-0083-4F84-BEAB-FE224EEBD054}"
EndProject
Project("{FAE04EC0-301F-11D3-BF4B-00C04F79EFBC}") = "ConsoleApp8", "ConsoleApp8\ConsoleApp8.csproj", "{654B76EA-9F31-46C2-A303-9C7F2E325A18}"
EndProject
Project("{FAE04EC0-301F-11D3-BF4B-00C04F79EFBC}") = "ConsoleApp9", "ConsoleApp9\ConsoleApp9.csproj", "{CE89513F-A009-4856-94BA-087A7A491657}"
EndProject
Project("{FAE04EC0-301F-11D3-BF4B-00C04F79EFBC}") = "ConsoleApp10", "ConsoleApp10\ConsoleApp10.csproj", "{55B15A81-2975-43A7-994B-2EED8A32ABEB}"
EndProject
Project("{FAE04EC0-301F-11D3-BF4B-00C04F79EFBC}") = "ConsoleApp11", "ConsoleApp11\ConsoleApp11.csproj", "{C8473A9F-B8BE-449C-81BF-E145D707A0B9}"
EndProject
Project("{FAE04EC0-301F-11D3-BF4B-00C04F79EFBC}") = "ConsoleApp12", "ConsoleApp12\ConsoleApp12.csproj", "{E293D8A5-E3E3-4F17-BB7E-CB6D099472C0}"
EndProject
Project("{FAE04EC0-301F-11D3-BF4B-00C04F79EFBC}") = "ConsoleApp13", "ConsoleApp13\ConsoleApp13.csproj", "{47AD98B7-0C34-49D9-9527-256E27321FDF}"
EndProject
Project("{FAE04EC0-301F-11D3-BF4B-00C04F79EFBC}") = "ConsoleApp14", "ConsoleApp14\ConsoleApp14.csproj", "{A2891A57-F8A2-46E5-90C6-922AC7890BAD}"
EndProject
Project("{FAE04EC0-301F-11D3-BF4B-00C04F79EFBC}") = "ConsoleApp15", "ConsoleApp15\ConsoleApp15.csproj", "{52DAFA84-0AC7-4836-8232-0493B6237E8D}"
EndProject
Project("{FAE04EC0-301F-11D3-BF4B-00C04F79EFBC}") = "ConsoleApp16", "ConsoleApp16\ConsoleApp16.csproj", "{2121BA0E-B031-406B-91D4-02F284D6494B}"
EndProject
Project("{FAE04EC0-301F-11D3-BF4B-00C04F79EFBC}") = "ConsoleApp17", "ConsoleApp17\ConsoleApp17.csproj", "{6BFF9D4A-A039-48F4-8E06-6277C0432B9D}"
EndProject
Project("{FAE04EC0-301F-11D3-BF4B-00C04F79EFBC}") = "ConsoleApp18", "ConsoleApp18\ConsoleApp18.csproj", "{45FD10D9-0BFA-4A51-8CF8-7C46989F789B}"
EndProject
Project("{FAE04EC0-301F-11D3-BF4B-00C04F79EFBC}") = "ConsoleApp19", "ConsoleApp19\ConsoleApp19.csproj", "{EF5016C4-7701-4E9F-B41D-53E21426B31F}"
EndProject
Project("{FAE04EC0-301F-11D3-BF4B-00C04F79EFBC}") = "ConsoleApp20", "ConsoleApp20\ConsoleApp20.csproj", "{9509913B-527B-4777-B808-A0DD68639170}"
EndProject
Project("{FAE04EC0-301F-11D3-BF4B-00C04F79EFBC}") = "ConsoleApp21", "ConsoleApp21\ConsoleApp21.csproj", "{4DE09488-30C6-46AA-B12A-E6210065F603}"
EndProject
Project("{FAE04EC0-301F-11D3-BF4B-00C04F79EFBC}") = "ConsoleApp22", "ConsoleApp22\ConsoleApp22.csproj", "{5B987526-D50A-478F-ADB5-20F337519DDB}"
EndProject
Project("{FAE04EC0-301F-11D3-BF4B-00C04F79EFBC}") = "ConsoleApp23", "ConsoleApp23\ConsoleApp23.csproj", "{6F9D78B9-647F-4965-A255-BB8A24A599F9}"
EndProject
Project("{FAE04EC0-301F-11D3-BF4B-00C04F79EFBC}") = "ConsoleApp24", "ConsoleApp24\ConsoleApp24.csproj", "{A2AD6761-E82C-498F-AF4A-2283FAE45104}"
EndProject
Project("{FAE04EC0-301F-11D3-BF4B-00C04F79EFBC}") = "ConsoleApp25", "ConsoleApp25\ConsoleApp25.csproj", "{84B65EF5-7886-4545-B97B-AE913AE7EE84}"
EndProject
Project("{FAE04EC0-301F-11D3-BF4B-00C04F79EFBC}") = "ConsoleApp26", "ConsoleApp26\ConsoleApp26.csproj", "{B0D2D739-2854-4BB8-AD7E-DE1256E5D075}"
EndProject
Project("{FAE04EC0-301F-11D3-BF4B-00C04F79EFBC}") = "ConsoleApp27", "ConsoleApp27\ConsoleApp27.csproj", "{91C38A1B-6C17-46D7-AF4A-EE366FEFE400}"
EndProject
Project("{FAE04EC0-301F-11D3-BF4B-00C04F79EFBC}") = "ConsoleApp28", "ConsoleApp28\ConsoleApp28.csproj", "{E4652457-0A2B-4B45-8D60-E1F8C8C75517}"
EndProject
Project("{FAE04EC0-301F-11D3-BF4B-00C04F79EFBC}") = "ConsoleApp29", "ConsoleApp29\ConsoleApp29.csproj", "{1021BC2F-056C-4FA2-B054-572003374C92}"
EndProject
Project("{FAE04EC0-301F-11D3-BF4B-00C04F79EFBC}") = "ConsoleApp30", "ConsoleApp30\ConsoleApp30.csproj", "{E001A3BE-8D04-413E-B5DF-CF581AF70EC1}"
EndProject
Project("{FAE04EC0-301F-11D3-BF4B-00C04F79EFBC}") = "ConsoleApp31", "ConsoleApp31\ConsoleApp31.csproj", "{D239613E-3BF3-4E34-95F8-662CD7E6F31A}"
EndProject
Project("{FAE04EC0-301F-11D3-BF4B-00C04F79EFBC}") = "ConsoleApp32", "ConsoleApp32\ConsoleApp32.csproj", "{C275B822-E818-4255-A64C-A04043B7B697}"
EndProject
Project("{FAE04EC0-301F-11D3-BF4B-00C04F79EFBC}") = "ConsoleApp33", "ConsoleApp33\ConsoleApp33.csproj", "{59CE7ACB-08DA-4C8C-9C28-B5479DEC1E8D}"
EndProject
Project("{FAE04EC0-301F-11D3-BF4B-00C04F79EFBC}") = "ConsoleApp34", "ConsoleApp34\ConsoleApp34.csproj", "{E673DA1C-8D87-4889-8DA7-5A5E1C4777D7}"
EndProject
Project("{FAE04EC0-301F-11D3-BF4B-00C04F79EFBC}") = "ConsoleApp35", "ConsoleApp35\ConsoleApp35.csproj", "{B7B1DA4A-A333-449F-836E-A88386722334}"
EndProject
Project("{FAE04EC0-301F-11D3-BF4B-00C04F79EFBC}") = "ConsoleApp36", "ConsoleApp36\ConsoleApp36.csproj", "{960564A6-3393-48C3-966B-E3163954F4CB}"
EndProject
Project("{FAE04EC0-301F-11D3-BF4B-00C04F79EFBC}") = "ConsoleApp37", "ConsoleApp37\ConsoleApp37.csproj", "{F4BB1FDE-C401-49B0-B0F2-86821E490003}"
EndProject
Project("{FAE04EC0-301F-11D3-BF4B-00C04F79EFBC}") = "ConsoleApp38", "ConsoleApp38\ConsoleApp38.csproj", "{7627F36C-5B8E-4CFE-B608-168EAB63A44B}"
EndProject
Project("{FAE04EC0-301F-11D3-BF4B-00C04F79EFBC}") = "ConsoleApp39", "ConsoleApp39\ConsoleApp39.csproj", "{C628E00C-A476-4459-8B82-6B0299E66035}"
EndProject
Project("{FAE04EC0-301F-11D3-BF4B-00C04F79EFBC}") = "ConsoleApp40", "ConsoleApp40\ConsoleApp40.csproj", "{B383CCAF-6FF2-4BB2-A2FA-1A441D66F590}"
EndProject
Project("{FAE04EC0-301F-11D3-BF4B-00C04F79EFBC}") = "ConsoleApp41", "ConsoleApp41\ConsoleApp41.csproj", "{629447B0-15BF-414F-B2F0-1F474A15BEB9}"
EndProject
Project("{FAE04EC0-301F-11D3-BF4B-00C04F79EFBC}") = "ConsoleApp42", "ConsoleApp42\ConsoleApp42.csproj", "{37F353CB-64D3-41DD-82A3-12007A4FBC4A}"
EndProject
Project("{FAE04EC0-301F-11D3-BF4B-00C04F79EFBC}") = "ConsoleApp43", "ConsoleApp43\ConsoleApp43.csproj", "{17E6EF8B-0430-4E44-BEFC-82BE1A3B9735}"
EndProject
Project("{FAE04EC0-301F-11D3-BF4B-00C04F79EFBC}") = "ConsoleApp44", "ConsoleApp44\ConsoleApp44.csproj", "{381DE97A-FC21-4163-B326-D7DDE02E4688}"
EndProject
Project("{FAE04EC0-301F-11D3-BF4B-00C04F79EFBC}") = "ConsoleApp45", "ConsoleApp45\ConsoleApp45.csproj", "{B5BCB654-3162-4AB3-823F-6AD72AE6EAEC}"
EndProject
Project("{FAE04EC0-301F-11D3-BF4B-00C04F79EFBC}") = "00.000PracticeExercise", "00.000PracticeExercise\00.000PracticeExercise.csproj", "{F394596A-8B2E-97B3-F9C6-5C2115CCA48B}"
EndProject
Project("{FAE04EC0-301F-11D3-BF4B-00C04F79EFBC}") = "00.020HW1", "00.020HW1\00.020HW1.csproj", "{AED514C6-28E4-6D59-A223-2C1CC48BA883}"
EndProject
Project("{FAE04EC0-301F-11D3-BF4B-00C04F79EFBC}") = "00.020HW1_02", "00.020HW1_02\00.020HW1_02.csproj", "{F9CE1783-DBBF-51AF-D9E3-6A108818A613}"
EndProject
Project("{FAE04EC0-301F-11D3-BF4B-00C04F79EFBC}") = "00.020HW1_03", "00.020HW1_03\00.020HW1_03.csproj", "{EEB86FBB-E505-37FD-D54C-BF12389BE28F}"
EndProject
Project("{FAE04EC0-301F-11D3-BF4B-00C04F79EFBC}") = "00.020HW1_04", "00.020HW1_04\00.020HW1_04.csproj", "{D32E101D-53AA-692A-9E7C-E01A91E5E106}"
EndProject
Project("{FAE04EC0-301F-11D3-BF4B-00C04F79EFBC}") = "00.020HW1_05", "00.020HW1_05\00.020HW1_05.csproj", "{89C8C9BA-24C0-F1BF-265D-1152D7CFD8A1}"
EndProject
Project("{FAE04EC0-301F-11D3-BF4B-00C04F79EFBC}") = "00.020HW2_BankAccountManagement", "00.020HW2_BankAccountManagement\00.020HW2_BankAccountManagement.csproj", "{6A2EA150-C2E9-FC01-5EFF-5FE394C288B1}"
EndProject
Project("{FAE04EC0-301F-11D3-BF4B-00C04F79EFBC}") = "00.020HW2_Calculator", "00.020HW2_Calculator\00.020HW2_Calculator.csproj", "{8362DFA7-A143-8B24-49EE-163526AFBA19}"
EndProject
Project("{FAE04EC0-301F-11D3-BF4B-00C04F79EFBC}") = "00.020HW2_CarInfoManagement", "00.020HW2_CarInfoManagement\00.020HW2_CarInfoManagement.csproj", "{47914E1B-A413-36A4-666C-8952E9AFB75C}"
EndProject
Project("{FAE04EC0-301F-11D3-BF4B-00C04F79EFBC}") = "00.020HW2_CarInfoManagementUnitTest", "00.020HW2_CarInfoManagementUnitTest\00.020HW2_CarInfoManagementUnitTest.csproj", "{E61F3EDA-527B-CDFB-7407-515FA5A930AE}"
EndProject
Project("{FAE04EC0-301F-11D3-BF4B-00C04F79EFBC}") = "00.020HW2_ProductClassAndDiscount", "00.020HW2_ProductClassAndDiscount\00.020HW2_ProductClassAndDiscount.csproj", "{E04B8A81-A6B2-959D-4C18-2006F533FFC9}"
EndProject
Project("{FAE04EC0-301F-11D3-BF4B-00C04F79EFBC}") = "00.020HW2_SimpleLibrary", "00.020HW2_SimpleLibrary\00.020HW2_SimpleLibrary.csproj", "{A72AF7EF-753F-4442-C6D1-75F407F205B8}"
EndProject
Project("{FAE04EC0-301F-11D3-BF4B-00C04F79EFBC}") = "00.020HW2_StudentScoreRecord", "00.020HW2_StudentScoreRecord\00.020HW2_StudentScoreRecord.csproj", "{912FD7B8-ED1E-0A16-EE0E-CE1264863B79}"
EndProject
Project("{FAE04EC0-301F-11D3-BF4B-00C04F79EFBC}") = "01.70.40Loop_break_continue", "01.70.40Loop_break_continue\01.70.40Loop_break_continue.csproj", "{AA76029E-82D6-BF9C-EBA4-6F22009A68FD}"
EndProject
Project("{FAE04EC0-301F-11D3-BF4B-00C04F79EFBC}") = "01.70.32ExtractionMethod_FindMin2DArray", "01.70.32ExtractionMethod_FindMin2DArray\01.70.32ExtractionMethod_FindMin2DArray.csproj", "{DE11AB48-23D2-0B3D-5995-112DBD1511D7}"
EndProject
Project("{FAE04EC0-301F-11D3-BF4B-00C04F79EFBC}") = "01.70.30CalculateSumOfNums", "01.70.30CalculateSumOfNums\01.70.30CalculateSumOfNums.csproj", "{AE1C4331-949B-C1B8-5C14-637E58587C56}"
EndProject
Project("{FAE04EC0-301F-11D3-BF4B-00C04F79EFBC}") = "01.70.20DeclareString", "01.70.20DeclareString\01.70.20DeclareString.csproj", "{A2C698C9-C43A-7C7D-C11E-5537E16159DE}"
EndProject
Project("{FAE04EC0-301F-11D3-BF4B-00C04F79EFBC}") = "01.70.10forloopExample", "01.70.10forloopExample\01.70.10forloopExample.csproj", "{20ED875C-9AAB-D78E-8ECC-5BCE1D4795E6}"
EndProject
Project("{FAE04EC0-301F-11D3-BF4B-00C04F79EFBC}") = "01.50.90_Output", "01.50.90_Output\01.50.90_Output.csproj", "{93B044CF-0709-407B-A9C6-EC4D1518A40C}"
EndProject
Project("{FAE04EC0-301F-11D3-BF4B-00C04F79EFBC}") = "000_Factors_of_3_and_5", "000_Factors_of_3_and_5\000_Factors_of_3_and_5.csproj", "{BC6E6ECA-F961-BDA0-CE91-8A2BB7361B69}"
EndProject
Project("{FAE04EC0-301F-11D3-BF4B-00C04F79EFBC}") = "000_Fill_Missing_Brackets", "000_Fill_Missing_Brackets\000_Fill_Missing_Brackets.csproj", "{471AD230-8D38-AE43-734A-6AAB1B0217C5}"
EndProject
Project("{FAE04EC0-301F-11D3-BF4B-00C04F79EFBC}") = "000_Identifying_Triangles", "000_Identifying_Triangles\000_Identifying_Triangles.csproj", "{32E4FA5B-3640-3618-7985-CE3DEC262DFE}"
EndProject
Project("{FAE04EC0-301F-11D3-BF4B-00C04F79EFBC}") = "000_Car_Inheritance", "000_Car_Inheritance\000_Car_Inheritance.csproj", "{C0F9D651-173B-EE78-4E7C-CB303E318530}"
EndProject
Project("{FAE04EC0-301F-11D3-BF4B-00C04F79EFBC}") = "00.020HW2_BMI", "00.020HW2_BMI\00.020HW2_BMI.csproj", "{F12D6DE2-D601-4F91-9D7F-6941FA6F18A4}"
EndProject
Project("{FAE04EC0-301F-11D3-BF4B-00C04F79EFBC}") = "00.020HW2_BMI_Method", "00.020HW2_BMI_Method\00.020HW2_BMI_Method.csproj", "{9927C0B6-9803-4B03-B42C-879DC9C35077}"
EndProject
Project("{FAE04EC0-301F-11D3-BF4B-00C04F79EFBC}") = "ConsoleApp46", "ConsoleApp46\ConsoleApp46.csproj", "{695F8D10-58D2-4F2C-8A33-D9AF35BFA74E}"
EndProject
Project("{FAE04EC0-301F-11D3-BF4B-00C04F79EFBC}") = "00.020HW2_StringToDouble", "00.020HW2_StringToDouble\00.020HW2_StringToDouble.csproj", "{3BA30E28-A524-4032-A665-A43D2AC4B3E1}"
EndProject
Project("{FAE04EC0-301F-11D3-BF4B-00C04F79EFBC}") = "!!!01.70.10for_Example#2", "!!!01.70.10for_Example#2\!!!01.70.10for_Example#2.csproj", "{7578F3C9-5681-41AD-95B9-7F556BF92E03}"
EndProject
Project("{FAE04EC0-301F-11D3-BF4B-00C04F79EFBC}") = "00.020HW2_isPrime", "00.020HW2_isPrime\00.020HW2_isPrime.csproj", "{07484E02-65B6-452D-A48D-76D995AA6493}"
EndProject
Project("{FAE04EC0-301F-11D3-BF4B-00C04F79EFBC}") = "00.020HW2_PrintMultiplicationTable", "00.020HW2_PrintMultiplicationTable\00.020HW2_PrintMultiplicationTable.csproj", "{635FB2D4-B6CF-47D8-8C19-23A8DBB65EA2}"
EndProject
Global
	GlobalSection(SolutionConfigurationPlatforms) = preSolution
		Debug|Any CPU = Debug|Any CPU
		Release|Any CPU = Release|Any CPU
	EndGlobalSection
	GlobalSection(ProjectConfigurationPlatforms) = postSolution
		{6491A817-71FB-4A78-A0DB-4527D5AD0D3E}.Debug|Any CPU.ActiveCfg = Debug|Any CPU
		{6491A817-71FB-4A78-A0DB-4527D5AD0D3E}.Debug|Any CPU.Build.0 = Debug|Any CPU
		{6491A817-71FB-4A78-A0DB-4527D5AD0D3E}.Release|Any CPU.ActiveCfg = Release|Any CPU
		{6491A817-71FB-4A78-A0DB-4527D5AD0D3E}.Release|Any CPU.Build.0 = Release|Any CPU
		{7AD3171C-51EB-4E69-ABBE-C1DD55406BF6}.Debug|Any CPU.ActiveCfg = Debug|Any CPU
		{7AD3171C-51EB-4E69-ABBE-C1DD55406BF6}.Debug|Any CPU.Build.0 = Debug|Any CPU
		{7AD3171C-51EB-4E69-ABBE-C1DD55406BF6}.Release|Any CPU.ActiveCfg = Release|Any CPU
		{7AD3171C-51EB-4E69-ABBE-C1DD55406BF6}.Release|Any CPU.Build.0 = Release|Any CPU
		{2F24A6C5-1447-49EA-A469-3B821F221E9A}.Debug|Any CPU.ActiveCfg = Debug|Any CPU
		{2F24A6C5-1447-49EA-A469-3B821F221E9A}.Debug|Any CPU.Build.0 = Debug|Any CPU
		{2F24A6C5-1447-49EA-A469-3B821F221E9A}.Release|Any CPU.ActiveCfg = Release|Any CPU
		{2F24A6C5-1447-49EA-A469-3B821F221E9A}.Release|Any CPU.Build.0 = Release|Any CPU
		{9CC37A7E-7C4D-4690-86EA-112376265F28}.Debug|Any CPU.ActiveCfg = Debug|Any CPU
		{9CC37A7E-7C4D-4690-86EA-112376265F28}.Debug|Any CPU.Build.0 = Debug|Any CPU
		{9CC37A7E-7C4D-4690-86EA-112376265F28}.Release|Any CPU.ActiveCfg = Release|Any CPU
		{9CC37A7E-7C4D-4690-86EA-112376265F28}.Release|Any CPU.Build.0 = Release|Any CPU
		{BB9C3D47-5E66-41C8-8152-AD6EB96937DD}.Debug|Any CPU.ActiveCfg = Debug|Any CPU
		{BB9C3D47-5E66-41C8-8152-AD6EB96937DD}.Debug|Any CPU.Build.0 = Debug|Any CPU
		{BB9C3D47-5E66-41C8-8152-AD6EB96937DD}.Release|Any CPU.ActiveCfg = Release|Any CPU
		{BB9C3D47-5E66-41C8-8152-AD6EB96937DD}.Release|Any CPU.Build.0 = Release|Any CPU
		{C0419D64-E383-4618-A055-6A6BC2DBADF1}.Debug|Any CPU.ActiveCfg = Debug|Any CPU
		{C0419D64-E383-4618-A055-6A6BC2DBADF1}.Debug|Any CPU.Build.0 = Debug|Any CPU
		{C0419D64-E383-4618-A055-6A6BC2DBADF1}.Release|Any CPU.ActiveCfg = Release|Any CPU
		{C0419D64-E383-4618-A055-6A6BC2DBADF1}.Release|Any CPU.Build.0 = Release|Any CPU
		{A7B5B51B-F0E9-49EA-AE2C-DF90AB017EDD}.Debug|Any CPU.ActiveCfg = Debug|Any CPU
		{A7B5B51B-F0E9-49EA-AE2C-DF90AB017EDD}.Debug|Any CPU.Build.0 = Debug|Any CPU
		{A7B5B51B-F0E9-49EA-AE2C-DF90AB017EDD}.Release|Any CPU.ActiveCfg = Release|Any CPU
		{A7B5B51B-F0E9-49EA-AE2C-DF90AB017EDD}.Release|Any CPU.Build.0 = Release|Any CPU
		{F43432AF-DE59-44EF-918D-797BDF29D941}.Debug|Any CPU.ActiveCfg = Debug|Any CPU
		{F43432AF-DE59-44EF-918D-797BDF29D941}.Debug|Any CPU.Build.0 = Debug|Any CPU
		{F43432AF-DE59-44EF-918D-797BDF29D941}.Release|Any CPU.ActiveCfg = Release|Any CPU
		{F43432AF-DE59-44EF-918D-797BDF29D941}.Release|Any CPU.Build.0 = Release|Any CPU
		{5048B0E4-857A-4468-A7EE-005F01AE7DAC}.Debug|Any CPU.ActiveCfg = Debug|Any CPU
		{5048B0E4-857A-4468-A7EE-005F01AE7DAC}.Debug|Any CPU.Build.0 = Debug|Any CPU
		{5048B0E4-857A-4468-A7EE-005F01AE7DAC}.Release|Any CPU.ActiveCfg = Release|Any CPU
		{5048B0E4-857A-4468-A7EE-005F01AE7DAC}.Release|Any CPU.Build.0 = Release|Any CPU
		{3DB02477-B455-459F-B502-A99477D00930}.Debug|Any CPU.ActiveCfg = Debug|Any CPU
		{3DB02477-B455-459F-B502-A99477D00930}.Debug|Any CPU.Build.0 = Debug|Any CPU
		{3DB02477-B455-459F-B502-A99477D00930}.Release|Any CPU.ActiveCfg = Release|Any CPU
		{3DB02477-B455-459F-B502-A99477D00930}.Release|Any CPU.Build.0 = Release|Any CPU
		{184FE816-0083-4F84-BEAB-FE224EEBD054}.Debug|Any CPU.ActiveCfg = Debug|Any CPU
		{184FE816-0083-4F84-BEAB-FE224EEBD054}.Debug|Any CPU.Build.0 = Debug|Any CPU
		{184FE816-0083-4F84-BEAB-FE224EEBD054}.Release|Any CPU.ActiveCfg = Release|Any CPU
		{184FE816-0083-4F84-BEAB-FE224EEBD054}.Release|Any CPU.Build.0 = Release|Any CPU
		{654B76EA-9F31-46C2-A303-9C7F2E325A18}.Debug|Any CPU.ActiveCfg = Debug|Any CPU
		{654B76EA-9F31-46C2-A303-9C7F2E325A18}.Debug|Any CPU.Build.0 = Debug|Any CPU
		{654B76EA-9F31-46C2-A303-9C7F2E325A18}.Release|Any CPU.ActiveCfg = Release|Any CPU
		{654B76EA-9F31-46C2-A303-9C7F2E325A18}.Release|Any CPU.Build.0 = Release|Any CPU
		{CE89513F-A009-4856-94BA-087A7A491657}.Debug|Any CPU.ActiveCfg = Debug|Any CPU
		{CE89513F-A009-4856-94BA-087A7A491657}.Debug|Any CPU.Build.0 = Debug|Any CPU
		{CE89513F-A009-4856-94BA-087A7A491657}.Release|Any CPU.ActiveCfg = Release|Any CPU
		{CE89513F-A009-4856-94BA-087A7A491657}.Release|Any CPU.Build.0 = Release|Any CPU
		{55B15A81-2975-43A7-994B-2EED8A32ABEB}.Debug|Any CPU.ActiveCfg = Debug|Any CPU
		{55B15A81-2975-43A7-994B-2EED8A32ABEB}.Debug|Any CPU.Build.0 = Debug|Any CPU
		{55B15A81-2975-43A7-994B-2EED8A32ABEB}.Release|Any CPU.ActiveCfg = Release|Any CPU
		{55B15A81-2975-43A7-994B-2EED8A32ABEB}.Release|Any CPU.Build.0 = Release|Any CPU
		{C8473A9F-B8BE-449C-81BF-E145D707A0B9}.Debug|Any CPU.ActiveCfg = Debug|Any CPU
		{C8473A9F-B8BE-449C-81BF-E145D707A0B9}.Debug|Any CPU.Build.0 = Debug|Any CPU
		{C8473A9F-B8BE-449C-81BF-E145D707A0B9}.Release|Any CPU.ActiveCfg = Release|Any CPU
		{C8473A9F-B8BE-449C-81BF-E145D707A0B9}.Release|Any CPU.Build.0 = Release|Any CPU
		{E293D8A5-E3E3-4F17-BB7E-CB6D099472C0}.Debug|Any CPU.ActiveCfg = Debug|Any CPU
		{E293D8A5-E3E3-4F17-BB7E-CB6D099472C0}.Debug|Any CPU.Build.0 = Debug|Any CPU
		{E293D8A5-E3E3-4F17-BB7E-CB6D099472C0}.Release|Any CPU.ActiveCfg = Release|Any CPU
		{E293D8A5-E3E3-4F17-BB7E-CB6D099472C0}.Release|Any CPU.Build.0 = Release|Any CPU
		{47AD98B7-0C34-49D9-9527-256E27321FDF}.Debug|Any CPU.ActiveCfg = Debug|Any CPU
		{47AD98B7-0C34-49D9-9527-256E27321FDF}.Debug|Any CPU.Build.0 = Debug|Any CPU
		{47AD98B7-0C34-49D9-9527-256E27321FDF}.Release|Any CPU.ActiveCfg = Release|Any CPU
		{47AD98B7-0C34-49D9-9527-256E27321FDF}.Release|Any CPU.Build.0 = Release|Any CPU
		{A2891A57-F8A2-46E5-90C6-922AC7890BAD}.Debug|Any CPU.ActiveCfg = Debug|Any CPU
		{A2891A57-F8A2-46E5-90C6-922AC7890BAD}.Debug|Any CPU.Build.0 = Debug|Any CPU
		{A2891A57-F8A2-46E5-90C6-922AC7890BAD}.Release|Any CPU.ActiveCfg = Release|Any CPU
		{A2891A57-F8A2-46E5-90C6-922AC7890BAD}.Release|Any CPU.Build.0 = Release|Any CPU
		{52DAFA84-0AC7-4836-8232-0493B6237E8D}.Debug|Any CPU.ActiveCfg = Debug|Any CPU
		{52DAFA84-0AC7-4836-8232-0493B6237E8D}.Debug|Any CPU.Build.0 = Debug|Any CPU
		{52DAFA84-0AC7-4836-8232-0493B6237E8D}.Release|Any CPU.ActiveCfg = Release|Any CPU
		{52DAFA84-0AC7-4836-8232-0493B6237E8D}.Release|Any CPU.Build.0 = Release|Any CPU
		{2121BA0E-B031-406B-91D4-02F284D6494B}.Debug|Any CPU.ActiveCfg = Debug|Any CPU
		{2121BA0E-B031-406B-91D4-02F284D6494B}.Debug|Any CPU.Build.0 = Debug|Any CPU
		{2121BA0E-B031-406B-91D4-02F284D6494B}.Release|Any CPU.ActiveCfg = Release|Any CPU
		{2121BA0E-B031-406B-91D4-02F284D6494B}.Release|Any CPU.Build.0 = Release|Any CPU
		{6BFF9D4A-A039-48F4-8E06-6277C0432B9D}.Debug|Any CPU.ActiveCfg = Debug|Any CPU
		{6BFF9D4A-A039-48F4-8E06-6277C0432B9D}.Debug|Any CPU.Build.0 = Debug|Any CPU
		{6BFF9D4A-A039-48F4-8E06-6277C0432B9D}.Release|Any CPU.ActiveCfg = Release|Any CPU
		{6BFF9D4A-A039-48F4-8E06-6277C0432B9D}.Release|Any CPU.Build.0 = Release|Any CPU
		{45FD10D9-0BFA-4A51-8CF8-7C46989F789B}.Debug|Any CPU.ActiveCfg = Debug|Any CPU
		{45FD10D9-0BFA-4A51-8CF8-7C46989F789B}.Debug|Any CPU.Build.0 = Debug|Any CPU
		{45FD10D9-0BFA-4A51-8CF8-7C46989F789B}.Release|Any CPU.ActiveCfg = Release|Any CPU
		{45FD10D9-0BFA-4A51-8CF8-7C46989F789B}.Release|Any CPU.Build.0 = Release|Any CPU
		{EF5016C4-7701-4E9F-B41D-53E21426B31F}.Debug|Any CPU.ActiveCfg = Debug|Any CPU
		{EF5016C4-7701-4E9F-B41D-53E21426B31F}.Debug|Any CPU.Build.0 = Debug|Any CPU
		{EF5016C4-7701-4E9F-B41D-53E21426B31F}.Release|Any CPU.ActiveCfg = Release|Any CPU
		{EF5016C4-7701-4E9F-B41D-53E21426B31F}.Release|Any CPU.Build.0 = Release|Any CPU
		{9509913B-527B-4777-B808-A0DD68639170}.Debug|Any CPU.ActiveCfg = Debug|Any CPU
		{9509913B-527B-4777-B808-A0DD68639170}.Debug|Any CPU.Build.0 = Debug|Any CPU
		{9509913B-527B-4777-B808-A0DD68639170}.Release|Any CPU.ActiveCfg = Release|Any CPU
		{9509913B-527B-4777-B808-A0DD68639170}.Release|Any CPU.Build.0 = Release|Any CPU
		{4DE09488-30C6-46AA-B12A-E6210065F603}.Debug|Any CPU.ActiveCfg = Debug|Any CPU
		{4DE09488-30C6-46AA-B12A-E6210065F603}.Debug|Any CPU.Build.0 = Debug|Any CPU
		{4DE09488-30C6-46AA-B12A-E6210065F603}.Release|Any CPU.ActiveCfg = Release|Any CPU
		{4DE09488-30C6-46AA-B12A-E6210065F603}.Release|Any CPU.Build.0 = Release|Any CPU
		{5B987526-D50A-478F-ADB5-20F337519DDB}.Debug|Any CPU.ActiveCfg = Debug|Any CPU
		{5B987526-D50A-478F-ADB5-20F337519DDB}.Debug|Any CPU.Build.0 = Debug|Any CPU
		{5B987526-D50A-478F-ADB5-20F337519DDB}.Release|Any CPU.ActiveCfg = Release|Any CPU
		{5B987526-D50A-478F-ADB5-20F337519DDB}.Release|Any CPU.Build.0 = Release|Any CPU
		{6F9D78B9-647F-4965-A255-BB8A24A599F9}.Debug|Any CPU.ActiveCfg = Debug|Any CPU
		{6F9D78B9-647F-4965-A255-BB8A24A599F9}.Debug|Any CPU.Build.0 = Debug|Any CPU
		{6F9D78B9-647F-4965-A255-BB8A24A599F9}.Release|Any CPU.ActiveCfg = Release|Any CPU
		{6F9D78B9-647F-4965-A255-BB8A24A599F9}.Release|Any CPU.Build.0 = Release|Any CPU
		{A2AD6761-E82C-498F-AF4A-2283FAE45104}.Debug|Any CPU.ActiveCfg = Debug|Any CPU
		{A2AD6761-E82C-498F-AF4A-2283FAE45104}.Debug|Any CPU.Build.0 = Debug|Any CPU
		{A2AD6761-E82C-498F-AF4A-2283FAE45104}.Release|Any CPU.ActiveCfg = Release|Any CPU
		{A2AD6761-E82C-498F-AF4A-2283FAE45104}.Release|Any CPU.Build.0 = Release|Any CPU
		{84B65EF5-7886-4545-B97B-AE913AE7EE84}.Debug|Any CPU.ActiveCfg = Debug|Any CPU
		{84B65EF5-7886-4545-B97B-AE913AE7EE84}.Debug|Any CPU.Build.0 = Debug|Any CPU
		{84B65EF5-7886-4545-B97B-AE913AE7EE84}.Release|Any CPU.ActiveCfg = Release|Any CPU
		{84B65EF5-7886-4545-B97B-AE913AE7EE84}.Release|Any CPU.Build.0 = Release|Any CPU
		{B0D2D739-2854-4BB8-AD7E-DE1256E5D075}.Debug|Any CPU.ActiveCfg = Debug|Any CPU
		{B0D2D739-2854-4BB8-AD7E-DE1256E5D075}.Debug|Any CPU.Build.0 = Debug|Any CPU
		{B0D2D739-2854-4BB8-AD7E-DE1256E5D075}.Release|Any CPU.ActiveCfg = Release|Any CPU
		{B0D2D739-2854-4BB8-AD7E-DE1256E5D075}.Release|Any CPU.Build.0 = Release|Any CPU
		{91C38A1B-6C17-46D7-AF4A-EE366FEFE400}.Debug|Any CPU.ActiveCfg = Debug|Any CPU
		{91C38A1B-6C17-46D7-AF4A-EE366FEFE400}.Debug|Any CPU.Build.0 = Debug|Any CPU
		{91C38A1B-6C17-46D7-AF4A-EE366FEFE400}.Release|Any CPU.ActiveCfg = Release|Any CPU
		{91C38A1B-6C17-46D7-AF4A-EE366FEFE400}.Release|Any CPU.Build.0 = Release|Any CPU
		{E4652457-0A2B-4B45-8D60-E1F8C8C75517}.Debug|Any CPU.ActiveCfg = Debug|Any CPU
		{E4652457-0A2B-4B45-8D60-E1F8C8C75517}.Debug|Any CPU.Build.0 = Debug|Any CPU
		{E4652457-0A2B-4B45-8D60-E1F8C8C75517}.Release|Any CPU.ActiveCfg = Release|Any CPU
		{E4652457-0A2B-4B45-8D60-E1F8C8C75517}.Release|Any CPU.Build.0 = Release|Any CPU
		{1021BC2F-056C-4FA2-B054-572003374C92}.Debug|Any CPU.ActiveCfg = Debug|Any CPU
		{1021BC2F-056C-4FA2-B054-572003374C92}.Debug|Any CPU.Build.0 = Debug|Any CPU
		{1021BC2F-056C-4FA2-B054-572003374C92}.Release|Any CPU.ActiveCfg = Release|Any CPU
		{1021BC2F-056C-4FA2-B054-572003374C92}.Release|Any CPU.Build.0 = Release|Any CPU
		{E001A3BE-8D04-413E-B5DF-CF581AF70EC1}.Debug|Any CPU.ActiveCfg = Debug|Any CPU
		{E001A3BE-8D04-413E-B5DF-CF581AF70EC1}.Debug|Any CPU.Build.0 = Debug|Any CPU
		{E001A3BE-8D04-413E-B5DF-CF581AF70EC1}.Release|Any CPU.ActiveCfg = Release|Any CPU
		{E001A3BE-8D04-413E-B5DF-CF581AF70EC1}.Release|Any CPU.Build.0 = Release|Any CPU
		{D239613E-3BF3-4E34-95F8-662CD7E6F31A}.Debug|Any CPU.ActiveCfg = Debug|Any CPU
		{D239613E-3BF3-4E34-95F8-662CD7E6F31A}.Debug|Any CPU.Build.0 = Debug|Any CPU
		{D239613E-3BF3-4E34-95F8-662CD7E6F31A}.Release|Any CPU.ActiveCfg = Release|Any CPU
		{D239613E-3BF3-4E34-95F8-662CD7E6F31A}.Release|Any CPU.Build.0 = Release|Any CPU
		{C275B822-E818-4255-A64C-A04043B7B697}.Debug|Any CPU.ActiveCfg = Debug|Any CPU
		{C275B822-E818-4255-A64C-A04043B7B697}.Debug|Any CPU.Build.0 = Debug|Any CPU
		{C275B822-E818-4255-A64C-A04043B7B697}.Release|Any CPU.ActiveCfg = Release|Any CPU
		{C275B822-E818-4255-A64C-A04043B7B697}.Release|Any CPU.Build.0 = Release|Any CPU
		{59CE7ACB-08DA-4C8C-9C28-B5479DEC1E8D}.Debug|Any CPU.ActiveCfg = Debug|Any CPU
		{59CE7ACB-08DA-4C8C-9C28-B5479DEC1E8D}.Debug|Any CPU.Build.0 = Debug|Any CPU
		{59CE7ACB-08DA-4C8C-9C28-B5479DEC1E8D}.Release|Any CPU.ActiveCfg = Release|Any CPU
		{59CE7ACB-08DA-4C8C-9C28-B5479DEC1E8D}.Release|Any CPU.Build.0 = Release|Any CPU
		{E673DA1C-8D87-4889-8DA7-5A5E1C4777D7}.Debug|Any CPU.ActiveCfg = Debug|Any CPU
		{E673DA1C-8D87-4889-8DA7-5A5E1C4777D7}.Debug|Any CPU.Build.0 = Debug|Any CPU
		{E673DA1C-8D87-4889-8DA7-5A5E1C4777D7}.Release|Any CPU.ActiveCfg = Release|Any CPU
		{E673DA1C-8D87-4889-8DA7-5A5E1C4777D7}.Release|Any CPU.Build.0 = Release|Any CPU
		{B7B1DA4A-A333-449F-836E-A88386722334}.Debug|Any CPU.ActiveCfg = Debug|Any CPU
		{B7B1DA4A-A333-449F-836E-A88386722334}.Debug|Any CPU.Build.0 = Debug|Any CPU
		{B7B1DA4A-A333-449F-836E-A88386722334}.Release|Any CPU.ActiveCfg = Release|Any CPU
		{B7B1DA4A-A333-449F-836E-A88386722334}.Release|Any CPU.Build.0 = Release|Any CPU
		{960564A6-3393-48C3-966B-E3163954F4CB}.Debug|Any CPU.ActiveCfg = Debug|Any CPU
		{960564A6-3393-48C3-966B-E3163954F4CB}.Debug|Any CPU.Build.0 = Debug|Any CPU
		{960564A6-3393-48C3-966B-E3163954F4CB}.Release|Any CPU.ActiveCfg = Release|Any CPU
		{960564A6-3393-48C3-966B-E3163954F4CB}.Release|Any CPU.Build.0 = Release|Any CPU
		{F4BB1FDE-C401-49B0-B0F2-86821E490003}.Debug|Any CPU.ActiveCfg = Debug|Any CPU
		{F4BB1FDE-C401-49B0-B0F2-86821E490003}.Debug|Any CPU.Build.0 = Debug|Any CPU
		{F4BB1FDE-C401-49B0-B0F2-86821E490003}.Release|Any CPU.ActiveCfg = Release|Any CPU
		{F4BB1FDE-C401-49B0-B0F2-86821E490003}.Release|Any CPU.Build.0 = Release|Any CPU
		{7627F36C-5B8E-4CFE-B608-168EAB63A44B}.Debug|Any CPU.ActiveCfg = Debug|Any CPU
		{7627F36C-5B8E-4CFE-B608-168EAB63A44B}.Debug|Any CPU.Build.0 = Debug|Any CPU
		{7627F36C-5B8E-4CFE-B608-168EAB63A44B}.Release|Any CPU.ActiveCfg = Release|Any CPU
		{7627F36C-5B8E-4CFE-B608-168EAB63A44B}.Release|Any CPU.Build.0 = Release|Any CPU
		{C628E00C-A476-4459-8B82-6B0299E66035}.Debug|Any CPU.ActiveCfg = Debug|Any CPU
		{C628E00C-A476-4459-8B82-6B0299E66035}.Debug|Any CPU.Build.0 = Debug|Any CPU
		{C628E00C-A476-4459-8B82-6B0299E66035}.Release|Any CPU.ActiveCfg = Release|Any CPU
		{C628E00C-A476-4459-8B82-6B0299E66035}.Release|Any CPU.Build.0 = Release|Any CPU
		{B383CCAF-6FF2-4BB2-A2FA-1A441D66F590}.Debug|Any CPU.ActiveCfg = Debug|Any CPU
		{B383CCAF-6FF2-4BB2-A2FA-1A441D66F590}.Debug|Any CPU.Build.0 = Debug|Any CPU
		{B383CCAF-6FF2-4BB2-A2FA-1A441D66F590}.Release|Any CPU.ActiveCfg = Release|Any CPU
		{B383CCAF-6FF2-4BB2-A2FA-1A441D66F590}.Release|Any CPU.Build.0 = Release|Any CPU
		{629447B0-15BF-414F-B2F0-1F474A15BEB9}.Debug|Any CPU.ActiveCfg = Debug|Any CPU
		{629447B0-15BF-414F-B2F0-1F474A15BEB9}.Debug|Any CPU.Build.0 = Debug|Any CPU
		{629447B0-15BF-414F-B2F0-1F474A15BEB9}.Release|Any CPU.ActiveCfg = Release|Any CPU
		{629447B0-15BF-414F-B2F0-1F474A15BEB9}.Release|Any CPU.Build.0 = Release|Any CPU
		{37F353CB-64D3-41DD-82A3-12007A4FBC4A}.Debug|Any CPU.ActiveCfg = Debug|Any CPU
		{37F353CB-64D3-41DD-82A3-12007A4FBC4A}.Debug|Any CPU.Build.0 = Debug|Any CPU
		{37F353CB-64D3-41DD-82A3-12007A4FBC4A}.Release|Any CPU.ActiveCfg = Release|Any CPU
		{37F353CB-64D3-41DD-82A3-12007A4FBC4A}.Release|Any CPU.Build.0 = Release|Any CPU
		{17E6EF8B-0430-4E44-BEFC-82BE1A3B9735}.Debug|Any CPU.ActiveCfg = Debug|Any CPU
		{17E6EF8B-0430-4E44-BEFC-82BE1A3B9735}.Debug|Any CPU.Build.0 = Debug|Any CPU
		{17E6EF8B-0430-4E44-BEFC-82BE1A3B9735}.Release|Any CPU.ActiveCfg = Release|Any CPU
		{17E6EF8B-0430-4E44-BEFC-82BE1A3B9735}.Release|Any CPU.Build.0 = Release|Any CPU
		{381DE97A-FC21-4163-B326-D7DDE02E4688}.Debug|Any CPU.ActiveCfg = Debug|Any CPU
		{381DE97A-FC21-4163-B326-D7DDE02E4688}.Debug|Any CPU.Build.0 = Debug|Any CPU
		{381DE97A-FC21-4163-B326-D7DDE02E4688}.Release|Any CPU.ActiveCfg = Release|Any CPU
		{381DE97A-FC21-4163-B326-D7DDE02E4688}.Release|Any CPU.Build.0 = Release|Any CPU
		{B5BCB654-3162-4AB3-823F-6AD72AE6EAEC}.Debug|Any CPU.ActiveCfg = Debug|Any CPU
		{B5BCB654-3162-4AB3-823F-6AD72AE6EAEC}.Debug|Any CPU.Build.0 = Debug|Any CPU
		{B5BCB654-3162-4AB3-823F-6AD72AE6EAEC}.Release|Any CPU.ActiveCfg = Release|Any CPU
		{B5BCB654-3162-4AB3-823F-6AD72AE6EAEC}.Release|Any CPU.Build.0 = Release|Any CPU
		{F394596A-8B2E-97B3-F9C6-5C2115CCA48B}.Debug|Any CPU.ActiveCfg = Debug|Any CPU
		{F394596A-8B2E-97B3-F9C6-5C2115CCA48B}.Debug|Any CPU.Build.0 = Debug|Any CPU
		{F394596A-8B2E-97B3-F9C6-5C2115CCA48B}.Release|Any CPU.ActiveCfg = Release|Any CPU
		{F394596A-8B2E-97B3-F9C6-5C2115CCA48B}.Release|Any CPU.Build.0 = Release|Any CPU
		{AED514C6-28E4-6D59-A223-2C1CC48BA883}.Debug|Any CPU.ActiveCfg = Debug|Any CPU
		{AED514C6-28E4-6D59-A223-2C1CC48BA883}.Debug|Any CPU.Build.0 = Debug|Any CPU
		{AED514C6-28E4-6D59-A223-2C1CC48BA883}.Release|Any CPU.ActiveCfg = Release|Any CPU
		{AED514C6-28E4-6D59-A223-2C1CC48BA883}.Release|Any CPU.Build.0 = Release|Any CPU
		{F9CE1783-DBBF-51AF-D9E3-6A108818A613}.Debug|Any CPU.ActiveCfg = Debug|Any CPU
		{F9CE1783-DBBF-51AF-D9E3-6A108818A613}.Debug|Any CPU.Build.0 = Debug|Any CPU
		{F9CE1783-DBBF-51AF-D9E3-6A108818A613}.Release|Any CPU.ActiveCfg = Release|Any CPU
		{F9CE1783-DBBF-51AF-D9E3-6A108818A613}.Release|Any CPU.Build.0 = Release|Any CPU
		{EEB86FBB-E505-37FD-D54C-BF12389BE28F}.Debug|Any CPU.ActiveCfg = Debug|Any CPU
		{EEB86FBB-E505-37FD-D54C-BF12389BE28F}.Debug|Any CPU.Build.0 = Debug|Any CPU
		{EEB86FBB-E505-37FD-D54C-BF12389BE28F}.Release|Any CPU.ActiveCfg = Release|Any CPU
		{EEB86FBB-E505-37FD-D54C-BF12389BE28F}.Release|Any CPU.Build.0 = Release|Any CPU
		{D32E101D-53AA-692A-9E7C-E01A91E5E106}.Debug|Any CPU.ActiveCfg = Debug|Any CPU
		{D32E101D-53AA-692A-9E7C-E01A91E5E106}.Debug|Any CPU.Build.0 = Debug|Any CPU
		{D32E101D-53AA-692A-9E7C-E01A91E5E106}.Release|Any CPU.ActiveCfg = Release|Any CPU
		{D32E101D-53AA-692A-9E7C-E01A91E5E106}.Release|Any CPU.Build.0 = Release|Any CPU
		{89C8C9BA-24C0-F1BF-265D-1152D7CFD8A1}.Debug|Any CPU.ActiveCfg = Debug|Any CPU
		{89C8C9BA-24C0-F1BF-265D-1152D7CFD8A1}.Debug|Any CPU.Build.0 = Debug|Any CPU
		{89C8C9BA-24C0-F1BF-265D-1152D7CFD8A1}.Release|Any CPU.ActiveCfg = Release|Any CPU
		{89C8C9BA-24C0-F1BF-265D-1152D7CFD8A1}.Release|Any CPU.Build.0 = Release|Any CPU
		{6A2EA150-C2E9-FC01-5EFF-5FE394C288B1}.Debug|Any CPU.ActiveCfg = Debug|Any CPU
		{6A2EA150-C2E9-FC01-5EFF-5FE394C288B1}.Debug|Any CPU.Build.0 = Debug|Any CPU
		{6A2EA150-C2E9-FC01-5EFF-5FE394C288B1}.Release|Any CPU.ActiveCfg = Release|Any CPU
		{6A2EA150-C2E9-FC01-5EFF-5FE394C288B1}.Release|Any CPU.Build.0 = Release|Any CPU
		{8362DFA7-A143-8B24-49EE-163526AFBA19}.Debug|Any CPU.ActiveCfg = Debug|Any CPU
		{8362DFA7-A143-8B24-49EE-163526AFBA19}.Debug|Any CPU.Build.0 = Debug|Any CPU
		{8362DFA7-A143-8B24-49EE-163526AFBA19}.Release|Any CPU.ActiveCfg = Release|Any CPU
		{8362DFA7-A143-8B24-49EE-163526AFBA19}.Release|Any CPU.Build.0 = Release|Any CPU
		{47914E1B-A413-36A4-666C-8952E9AFB75C}.Debug|Any CPU.ActiveCfg = Debug|Any CPU
		{47914E1B-A413-36A4-666C-8952E9AFB75C}.Debug|Any CPU.Build.0 = Debug|Any CPU
		{47914E1B-A413-36A4-666C-8952E9AFB75C}.Release|Any CPU.ActiveCfg = Release|Any CPU
		{47914E1B-A413-36A4-666C-8952E9AFB75C}.Release|Any CPU.Build.0 = Release|Any CPU
		{E61F3EDA-527B-CDFB-7407-515FA5A930AE}.Debug|Any CPU.ActiveCfg = Debug|Any CPU
		{E61F3EDA-527B-CDFB-7407-515FA5A930AE}.Debug|Any CPU.Build.0 = Debug|Any CPU
		{E61F3EDA-527B-CDFB-7407-515FA5A930AE}.Release|Any CPU.ActiveCfg = Release|Any CPU
		{E61F3EDA-527B-CDFB-7407-515FA5A930AE}.Release|Any CPU.Build.0 = Release|Any CPU
		{E04B8A81-A6B2-959D-4C18-2006F533FFC9}.Debug|Any CPU.ActiveCfg = Debug|Any CPU
		{E04B8A81-A6B2-959D-4C18-2006F533FFC9}.Debug|Any CPU.Build.0 = Debug|Any CPU
		{E04B8A81-A6B2-959D-4C18-2006F533FFC9}.Release|Any CPU.ActiveCfg = Release|Any CPU
		{E04B8A81-A6B2-959D-4C18-2006F533FFC9}.Release|Any CPU.Build.0 = Release|Any CPU
		{A72AF7EF-753F-4442-C6D1-75F407F205B8}.Debug|Any CPU.ActiveCfg = Debug|Any CPU
		{A72AF7EF-753F-4442-C6D1-75F407F205B8}.Debug|Any CPU.Build.0 = Debug|Any CPU
		{A72AF7EF-753F-4442-C6D1-75F407F205B8}.Release|Any CPU.ActiveCfg = Release|Any CPU
		{A72AF7EF-753F-4442-C6D1-75F407F205B8}.Release|Any CPU.Build.0 = Release|Any CPU
		{912FD7B8-ED1E-0A16-EE0E-CE1264863B79}.Debug|Any CPU.ActiveCfg = Debug|Any CPU
		{912FD7B8-ED1E-0A16-EE0E-CE1264863B79}.Debug|Any CPU.Build.0 = Debug|Any CPU
		{912FD7B8-ED1E-0A16-EE0E-CE1264863B79}.Release|Any CPU.ActiveCfg = Release|Any CPU
		{912FD7B8-ED1E-0A16-EE0E-CE1264863B79}.Release|Any CPU.Build.0 = Release|Any CPU
		{AA76029E-82D6-BF9C-EBA4-6F22009A68FD}.Debug|Any CPU.ActiveCfg = Debug|Any CPU
		{AA76029E-82D6-BF9C-EBA4-6F22009A68FD}.Debug|Any CPU.Build.0 = Debug|Any CPU
		{AA76029E-82D6-BF9C-EBA4-6F22009A68FD}.Release|Any CPU.ActiveCfg = Release|Any CPU
		{AA76029E-82D6-BF9C-EBA4-6F22009A68FD}.Release|Any CPU.Build.0 = Release|Any CPU
		{DE11AB48-23D2-0B3D-5995-112DBD1511D7}.Debug|Any CPU.ActiveCfg = Debug|Any CPU
		{DE11AB48-23D2-0B3D-5995-112DBD1511D7}.Debug|Any CPU.Build.0 = Debug|Any CPU
		{DE11AB48-23D2-0B3D-5995-112DBD1511D7}.Release|Any CPU.ActiveCfg = Release|Any CPU
		{DE11AB48-23D2-0B3D-5995-112DBD1511D7}.Release|Any CPU.Build.0 = Release|Any CPU
		{AE1C4331-949B-C1B8-5C14-637E58587C56}.Debug|Any CPU.ActiveCfg = Debug|Any CPU
		{AE1C4331-949B-C1B8-5C14-637E58587C56}.Debug|Any CPU.Build.0 = Debug|Any CPU
		{AE1C4331-949B-C1B8-5C14-637E58587C56}.Release|Any CPU.ActiveCfg = Release|Any CPU
		{AE1C4331-949B-C1B8-5C14-637E58587C56}.Release|Any CPU.Build.0 = Release|Any CPU
		{A2C698C9-C43A-7C7D-C11E-5537E16159DE}.Debug|Any CPU.ActiveCfg = Debug|Any CPU
		{A2C698C9-C43A-7C7D-C11E-5537E16159DE}.Debug|Any CPU.Build.0 = Debug|Any CPU
		{A2C698C9-C43A-7C7D-C11E-5537E16159DE}.Release|Any CPU.ActiveCfg = Release|Any CPU
		{A2C698C9-C43A-7C7D-C11E-5537E16159DE}.Release|Any CPU.Build.0 = Release|Any CPU
		{20ED875C-9AAB-D78E-8ECC-5BCE1D4795E6}.Debug|Any CPU.ActiveCfg = Debug|Any CPU
		{20ED875C-9AAB-D78E-8ECC-5BCE1D4795E6}.Debug|Any CPU.Build.0 = Debug|Any CPU
		{20ED875C-9AAB-D78E-8ECC-5BCE1D4795E6}.Release|Any CPU.ActiveCfg = Release|Any CPU
		{20ED875C-9AAB-D78E-8ECC-5BCE1D4795E6}.Release|Any CPU.Build.0 = Release|Any CPU
		{93B044CF-0709-407B-A9C6-EC4D1518A40C}.Debug|Any CPU.ActiveCfg = Debug|Any CPU
		{93B044CF-0709-407B-A9C6-EC4D1518A40C}.Debug|Any CPU.Build.0 = Debug|Any CPU
		{93B044CF-0709-407B-A9C6-EC4D1518A40C}.Release|Any CPU.ActiveCfg = Release|Any CPU
		{93B044CF-0709-407B-A9C6-EC4D1518A40C}.Release|Any CPU.Build.0 = Release|Any CPU
		{BC6E6ECA-F961-BDA0-CE91-8A2BB7361B69}.Debug|Any CPU.ActiveCfg = Debug|Any CPU
		{BC6E6ECA-F961-BDA0-CE91-8A2BB7361B69}.Debug|Any CPU.Build.0 = Debug|Any CPU
		{BC6E6ECA-F961-BDA0-CE91-8A2BB7361B69}.Release|Any CPU.ActiveCfg = Release|Any CPU
		{BC6E6ECA-F961-BDA0-CE91-8A2BB7361B69}.Release|Any CPU.Build.0 = Release|Any CPU
		{471AD230-8D38-AE43-734A-6AAB1B0217C5}.Debug|Any CPU.ActiveCfg = Debug|Any CPU
		{471AD230-8D38-AE43-734A-6AAB1B0217C5}.Debug|Any CPU.Build.0 = Debug|Any CPU
		{471AD230-8D38-AE43-734A-6AAB1B0217C5}.Release|Any CPU.ActiveCfg = Release|Any CPU
		{471AD230-8D38-AE43-734A-6AAB1B0217C5}.Release|Any CPU.Build.0 = Release|Any CPU
		{32E4FA5B-3640-3618-7985-CE3DEC262DFE}.Debug|Any CPU.ActiveCfg = Debug|Any CPU
		{32E4FA5B-3640-3618-7985-CE3DEC262DFE}.Debug|Any CPU.Build.0 = Debug|Any CPU
		{32E4FA5B-3640-3618-7985-CE3DEC262DFE}.Release|Any CPU.ActiveCfg = Release|Any CPU
		{32E4FA5B-3640-3618-7985-CE3DEC262DFE}.Release|Any CPU.Build.0 = Release|Any CPU
		{C0F9D651-173B-EE78-4E7C-CB303E318530}.Debug|Any CPU.ActiveCfg = Debug|Any CPU
		{C0F9D651-173B-EE78-4E7C-CB303E318530}.Debug|Any CPU.Build.0 = Debug|Any CPU
		{C0F9D651-173B-EE78-4E7C-CB303E318530}.Release|Any CPU.ActiveCfg = Release|Any CPU
		{C0F9D651-173B-EE78-4E7C-CB303E318530}.Release|Any CPU.Build.0 = Release|Any CPU
		{F12D6DE2-D601-4F91-9D7F-6941FA6F18A4}.Debug|Any CPU.ActiveCfg = Debug|Any CPU
		{F12D6DE2-D601-4F91-9D7F-6941FA6F18A4}.Debug|Any CPU.Build.0 = Debug|Any CPU
		{F12D6DE2-D601-4F91-9D7F-6941FA6F18A4}.Release|Any CPU.ActiveCfg = Release|Any CPU
		{F12D6DE2-D601-4F91-9D7F-6941FA6F18A4}.Release|Any CPU.Build.0 = Release|Any CPU
		{9927C0B6-9803-4B03-B42C-879DC9C35077}.Debug|Any CPU.ActiveCfg = Debug|Any CPU
		{9927C0B6-9803-4B03-B42C-879DC9C35077}.Debug|Any CPU.Build.0 = Debug|Any CPU
		{9927C0B6-9803-4B03-B42C-879DC9C35077}.Release|Any CPU.ActiveCfg = Release|Any CPU
		{9927C0B6-9803-4B03-B42C-879DC9C35077}.Release|Any CPU.Build.0 = Release|Any CPU
		{695F8D10-58D2-4F2C-8A33-D9AF35BFA74E}.Debug|Any CPU.ActiveCfg = Debug|Any CPU
		{695F8D10-58D2-4F2C-8A33-D9AF35BFA74E}.Debug|Any CPU.Build.0 = Debug|Any CPU
		{695F8D10-58D2-4F2C-8A33-D9AF35BFA74E}.Release|Any CPU.ActiveCfg = Release|Any CPU
		{695F8D10-58D2-4F2C-8A33-D9AF35BFA74E}.Release|Any CPU.Build.0 = Release|Any CPU
		{3BA30E28-A524-4032-A665-A43D2AC4B3E1}.Debug|Any CPU.ActiveCfg = Debug|Any CPU
		{3BA30E28-A524-4032-A665-A43D2AC4B3E1}.Debug|Any CPU.Build.0 = Debug|Any CPU
		{3BA30E28-A524-4032-A665-A43D2AC4B3E1}.Release|Any CPU.ActiveCfg = Release|Any CPU
		{3BA30E28-A524-4032-A665-A43D2AC4B3E1}.Release|Any CPU.Build.0 = Release|Any CPU
		{7578F3C9-5681-41AD-95B9-7F556BF92E03}.Debug|Any CPU.ActiveCfg = Debug|Any CPU
		{7578F3C9-5681-41AD-95B9-7F556BF92E03}.Debug|Any CPU.Build.0 = Debug|Any CPU
		{7578F3C9-5681-41AD-95B9-7F556BF92E03}.Release|Any CPU.ActiveCfg = Release|Any CPU
		{7578F3C9-5681-41AD-95B9-7F556BF92E03}.Release|Any CPU.Build.0 = Release|Any CPU
		{07484E02-65B6-452D-A48D-76D995AA6493}.Debug|Any CPU.ActiveCfg = Debug|Any CPU
		{07484E02-65B6-452D-A48D-76D995AA6493}.Debug|Any CPU.Build.0 = Debug|Any CPU
		{07484E02-65B6-452D-A48D-76D995AA6493}.Release|Any CPU.ActiveCfg = Release|Any CPU
		{07484E02-65B6-452D-A48D-76D995AA6493}.Release|Any CPU.Build.0 = Release|Any CPU
		{635FB2D4-B6CF-47D8-8C19-23A8DBB65EA2}.Debug|Any CPU.ActiveCfg = Debug|Any CPU
		{635FB2D4-B6CF-47D8-8C19-23A8DBB65EA2}.Debug|Any CPU.Build.0 = Debug|Any CPU
		{635FB2D4-B6CF-47D8-8C19-23A8DBB65EA2}.Release|Any CPU.ActiveCfg = Release|Any CPU
		{635FB2D4-B6CF-47D8-8C19-23A8DBB65EA2}.Release|Any CPU.Build.0 = Release|Any CPU
	EndGlobalSection
	GlobalSection(SolutionProperties) = preSolution
		HideSolutionNode = FALSE
	EndGlobalSection
	GlobalSection(ExtensibilityGlobals) = postSolution
		SolutionGuid = {1618B970-E604-492A-A9E5-D6B1E6450113}
	EndGlobalSection
EndGlobal
