
Microsoft Visual Studio Solution File, Format Version 12.00
# Visual Studio Version 18
VisualStudioVersion = 18.0.11222.15 d18.0
MinimumVisualStudioVersion = 10.0.40219.1
Project("{FAE04EC0-301F-11D3-BF4B-00C04F79EFBC}") = "ConsoleApp1", "ConsoleApp1\ConsoleApp1.csproj", "{6491A817-71FB-4A78-A0DB-4527D5AD0D3E}"
EndProject
Project("{FAE04EC0-301F-11D3-BF4B-00C04F79EFBC}") = "ConsoleApp2", "ConsoleApp2\ConsoleApp2.csproj", "{7AD3171C-51EB-4E69-ABBE-C1DD55406BF6}"
EndProject
Project("{FAE04EC0-301F-11D3-BF4B-00C04F79EFBC}") = "WindowsFormsApp1", "WindowsFormsApp1\WindowsFormsApp1.csproj", "{2F24A6C5-1447-49EA-A469-3B821F221E9A}"
EndProject
Project("{FAE04EC0-301F-11D3-BF4B-00C04F79EFBC}") = "ConsoleApp3", "ConsoleApp3\ConsoleApp3.csproj", "{9CC37A7E-7C4D-4690-86EA-112376265F28}"
EndProject
Project("{FAE04EC0-301F-11D3-BF4B-00C04F79EFBC}") = "ConsoleApp4", "ConsoleApp4\ConsoleApp4.csproj", "{BB9C3D47-5E66-41C8-8152-AD6EB96937DD}"
EndProject
Project("{FAE04EC0-301F-11D3-BF4B-00C04F79EFBC}") = "ConsoleApp5", "ConsoleApp5\ConsoleApp5.csproj", "{C0419D64-E383-4618-A055-6A6BC2DBADF1}"
EndProject
Project("{FAE04EC0-301F-11D3-BF4B-00C04F79EFBC}") = "ConsoleApp6", "ConsoleApp6\ConsoleApp6.csproj", "{A7B5B51B-F0E9-49EA-AE2C-DF90AB017EDD}"
EndProject
Project("{FAE04EC0-301F-11D3-BF4B-00C04F79EFBC}") = "ConsoleApp7", "ConsoleApp7\ConsoleApp7.csproj", "{F43432AF-DE59-44EF-918D-797BDF29D941}"
EndProject
Project("{FAE04EC0-301F-11D3-BF4B-00C04F79EFBC}") = "ConcatStringStringExec", "ConcatStringStringExec\ConcatStringStringExec.csproj", "{5048B0E4-857A-4468-A7EE-005F01AE7DAC}"
EndProject
Project("{FAE04EC0-301F-11D3-BF4B-00C04F79EFBC}") = "MultiLineStringExec", "MultiLineStringExec\MultiLineStringExec.csproj", "{3DB02477-B455-459F-B502-A99477D00930}"
EndProject
Project("{FAE04EC0-301F-11D3-BF4B-00C04F79EFBC}") = "01.30.10輸出", "Truncatexx\01.30.10輸出.csproj", "{184FE816-0083-4F84-BEAB-FE224EEBD054}"
EndProject
Project("{FAE04EC0-301F-11D3-BF4B-00C04F79EFBC}") = "01.50.90輸出", "01.50.90輸出\01.50.90輸出.csproj", "{93B044CF-0709-407B-A9C6-EC4D1518A40C}"
EndProject
Project("{FAE04EC0-301F-11D3-BF4B-00C04F79EFBC}") = "ConsoleApp8", "ConsoleApp8\ConsoleApp8.csproj", "{654B76EA-9F31-46C2-A303-9C7F2E325A18}"
EndProject
Project("{FAE04EC0-301F-11D3-BF4B-00C04F79EFBC}") = "ConsoleApp9", "ConsoleApp9\ConsoleApp9.csproj", "{CE89513F-A009-4856-94BA-087A7A491657}"
EndProject
Project("{FAE04EC0-301F-11D3-BF4B-00C04F79EFBC}") = "ConsoleApp10", "ConsoleApp10\ConsoleApp10.csproj", "{55B15A81-2975-43A7-994B-2EED8A32ABEB}"
EndProject
Project("{FAE04EC0-301F-11D3-BF4B-00C04F79EFBC}") = "ConsoleApp11", "ConsoleApp11\ConsoleApp11.csproj", "{C8473A9F-B8BE-449C-81BF-E145D707A0B9}"
EndProject
Project("{FAE04EC0-301F-11D3-BF4B-00C04F79EFBC}") = "ConsoleApp12", "ConsoleApp12\ConsoleApp12.csproj", "{E293D8A5-E3E3-4F17-BB7E-CB6D099472C0}"
EndProject
Project("{FAE04EC0-301F-11D3-BF4B-00C04F79EFBC}") = "ConsoleApp13", "ConsoleApp13\ConsoleApp13.csproj", "{47AD98B7-0C34-49D9-9527-256E27321FDF}"
EndProject
Project("{FAE04EC0-301F-11D3-BF4B-00C04F79EFBC}") = "ConsoleApp14", "ConsoleApp14\ConsoleApp14.csproj", "{A2891A57-F8A2-46E5-90C6-922AC7890BAD}"
EndProject
Project("{FAE04EC0-301F-11D3-BF4B-00C04F79EFBC}") = "ConsoleApp15", "ConsoleApp15\ConsoleApp15.csproj", "{52DAFA84-0AC7-4836-8232-0493B6237E8D}"
EndProject
Project("{FAE04EC0-301F-11D3-BF4B-00C04F79EFBC}") = "ConsoleApp16", "ConsoleApp16\ConsoleApp16.csproj", "{2121BA0E-B031-406B-91D4-02F284D6494B}"
EndProject
Project("{FAE04EC0-301F-11D3-BF4B-00C04F79EFBC}") = "ConsoleApp17", "ConsoleApp17\ConsoleApp17.csproj", "{6BFF9D4A-A039-48F4-8E06-6277C0432B9D}"
EndProject
Project("{FAE04EC0-301F-11D3-BF4B-00C04F79EFBC}") = "ConsoleApp18", "ConsoleApp18\ConsoleApp18.csproj", "{45FD10D9-0BFA-4A51-8CF8-7C46989F789B}"
EndProject
Project("{FAE04EC0-301F-11D3-BF4B-00C04F79EFBC}") = "ConsoleApp19", "ConsoleApp19\ConsoleApp19.csproj", "{EF5016C4-7701-4E9F-B41D-53E21426B31F}"
EndProject
Project("{FAE04EC0-301F-11D3-BF4B-00C04F79EFBC}") = "ConsoleApp20", "ConsoleApp20\ConsoleApp20.csproj", "{9509913B-527B-4777-B808-A0DD68639170}"
EndProject
Project("{FAE04EC0-301F-11D3-BF4B-00C04F79EFBC}") = "ConsoleApp21", "ConsoleApp21\ConsoleApp21.csproj", "{4DE09488-30C6-46AA-B12A-E6210065F603}"
EndProject
Project("{FAE04EC0-301F-11D3-BF4B-00C04F79EFBC}") = "ConsoleApp22", "ConsoleApp22\ConsoleApp22.csproj", "{5B987526-D50A-478F-ADB5-20F337519DDB}"
EndProject
Project("{FAE04EC0-301F-11D3-BF4B-00C04F79EFBC}") = "ConsoleApp23", "ConsoleApp23\ConsoleApp23.csproj", "{6F9D78B9-647F-4965-A255-BB8A24A599F9}"
EndProject
Project("{FAE04EC0-301F-11D3-BF4B-00C04F79EFBC}") = "ConsoleApp24", "ConsoleApp24\ConsoleApp24.csproj", "{A2AD6761-E82C-498F-AF4A-2283FAE45104}"
EndProject
Global
	GlobalSection(SolutionConfigurationPlatforms) = preSolution
		Debug|Any CPU = Debug|Any CPU
		Release|Any CPU = Release|Any CPU
	EndGlobalSection
	GlobalSection(ProjectConfigurationPlatforms) = postSolution
		{6491A817-71FB-4A78-A0DB-4527D5AD0D3E}.Debug|Any CPU.ActiveCfg = Debug|Any CPU
		{6491A817-71FB-4A78-A0DB-4527D5AD0D3E}.Debug|Any CPU.Build.0 = Debug|Any CPU
		{6491A817-71FB-4A78-A0DB-4527D5AD0D3E}.Release|Any CPU.ActiveCfg = Release|Any CPU
		{6491A817-71FB-4A78-A0DB-4527D5AD0D3E}.Release|Any CPU.Build.0 = Release|Any CPU
		{7AD3171C-51EB-4E69-ABBE-C1DD55406BF6}.Debug|Any CPU.ActiveCfg = Debug|Any CPU
		{7AD3171C-51EB-4E69-ABBE-C1DD55406BF6}.Debug|Any CPU.Build.0 = Debug|Any CPU
		{7AD3171C-51EB-4E69-ABBE-C1DD55406BF6}.Release|Any CPU.ActiveCfg = Release|Any CPU
		{7AD3171C-51EB-4E69-ABBE-C1DD55406BF6}.Release|Any CPU.Build.0 = Release|Any CPU
		{2F24A6C5-1447-49EA-A469-3B821F221E9A}.Debug|Any CPU.ActiveCfg = Debug|Any CPU
		{2F24A6C5-1447-49EA-A469-3B821F221E9A}.Debug|Any CPU.Build.0 = Debug|Any CPU
		{2F24A6C5-1447-49EA-A469-3B821F221E9A}.Release|Any CPU.ActiveCfg = Release|Any CPU
		{2F24A6C5-1447-49EA-A469-3B821F221E9A}.Release|Any CPU.Build.0 = Release|Any CPU
		{9CC37A7E-7C4D-4690-86EA-112376265F28}.Debug|Any CPU.ActiveCfg = Debug|Any CPU
		{9CC37A7E-7C4D-4690-86EA-112376265F28}.Debug|Any CPU.Build.0 = Debug|Any CPU
		{9CC37A7E-7C4D-4690-86EA-112376265F28}.Release|Any CPU.ActiveCfg = Release|Any CPU
		{9CC37A7E-7C4D-4690-86EA-112376265F28}.Release|Any CPU.Build.0 = Release|Any CPU
		{BB9C3D47-5E66-41C8-8152-AD6EB96937DD}.Debug|Any CPU.ActiveCfg = Debug|Any CPU
		{BB9C3D47-5E66-41C8-8152-AD6EB96937DD}.Debug|Any CPU.Build.0 = Debug|Any CPU
		{BB9C3D47-5E66-41C8-8152-AD6EB96937DD}.Release|Any CPU.ActiveCfg = Release|Any CPU
		{BB9C3D47-5E66-41C8-8152-AD6EB96937DD}.Release|Any CPU.Build.0 = Release|Any CPU
		{C0419D64-E383-4618-A055-6A6BC2DBADF1}.Debug|Any CPU.ActiveCfg = Debug|Any CPU
		{C0419D64-E383-4618-A055-6A6BC2DBADF1}.Debug|Any CPU.Build.0 = Debug|Any CPU
		{C0419D64-E383-4618-A055-6A6BC2DBADF1}.Release|Any CPU.ActiveCfg = Release|Any CPU
		{C0419D64-E383-4618-A055-6A6BC2DBADF1}.Release|Any CPU.Build.0 = Release|Any CPU
		{A7B5B51B-F0E9-49EA-AE2C-DF90AB017EDD}.Debug|Any CPU.ActiveCfg = Debug|Any CPU
		{A7B5B51B-F0E9-49EA-AE2C-DF90AB017EDD}.Debug|Any CPU.Build.0 = Debug|Any CPU
		{A7B5B51B-F0E9-49EA-AE2C-DF90AB017EDD}.Release|Any CPU.ActiveCfg = Release|Any CPU
		{A7B5B51B-F0E9-49EA-AE2C-DF90AB017EDD}.Release|Any CPU.Build.0 = Release|Any CPU
		{F43432AF-DE59-44EF-918D-797BDF29D941}.Debug|Any CPU.ActiveCfg = Debug|Any CPU
		{F43432AF-DE59-44EF-918D-797BDF29D941}.Debug|Any CPU.Build.0 = Debug|Any CPU
		{F43432AF-DE59-44EF-918D-797BDF29D941}.Release|Any CPU.ActiveCfg = Release|Any CPU
		{F43432AF-DE59-44EF-918D-797BDF29D941}.Release|Any CPU.Build.0 = Release|Any CPU
		{5048B0E4-857A-4468-A7EE-005F01AE7DAC}.Debug|Any CPU.ActiveCfg = Debug|Any CPU
		{5048B0E4-857A-4468-A7EE-005F01AE7DAC}.Debug|Any CPU.Build.0 = Debug|Any CPU
		{5048B0E4-857A-4468-A7EE-005F01AE7DAC}.Release|Any CPU.ActiveCfg = Release|Any CPU
		{5048B0E4-857A-4468-A7EE-005F01AE7DAC}.Release|Any CPU.Build.0 = Release|Any CPU
		{3DB02477-B455-459F-B502-A99477D00930}.Debug|Any CPU.ActiveCfg = Debug|Any CPU
		{3DB02477-B455-459F-B502-A99477D00930}.Debug|Any CPU.Build.0 = Debug|Any CPU
		{3DB02477-B455-459F-B502-A99477D00930}.Release|Any CPU.ActiveCfg = Release|Any CPU
		{3DB02477-B455-459F-B502-A99477D00930}.Release|Any CPU.Build.0 = Release|Any CPU
		{184FE816-0083-4F84-BEAB-FE224EEBD054}.Debug|Any CPU.ActiveCfg = Debug|Any CPU
		{184FE816-0083-4F84-BEAB-FE224EEBD054}.Debug|Any CPU.Build.0 = Debug|Any CPU
		{184FE816-0083-4F84-BEAB-FE224EEBD054}.Release|Any CPU.ActiveCfg = Release|Any CPU
		{184FE816-0083-4F84-BEAB-FE224EEBD054}.Release|Any CPU.Build.0 = Release|Any CPU
		{93B044CF-0709-407B-A9C6-EC4D1518A40C}.Debug|Any CPU.ActiveCfg = Debug|Any CPU
		{93B044CF-0709-407B-A9C6-EC4D1518A40C}.Debug|Any CPU.Build.0 = Debug|Any CPU
		{93B044CF-0709-407B-A9C6-EC4D1518A40C}.Release|Any CPU.ActiveCfg = Release|Any CPU
		{93B044CF-0709-407B-A9C6-EC4D1518A40C}.Release|Any CPU.Build.0 = Release|Any CPU
		{654B76EA-9F31-46C2-A303-9C7F2E325A18}.Debug|Any CPU.ActiveCfg = Debug|Any CPU
		{654B76EA-9F31-46C2-A303-9C7F2E325A18}.Debug|Any CPU.Build.0 = Debug|Any CPU
		{654B76EA-9F31-46C2-A303-9C7F2E325A18}.Release|Any CPU.ActiveCfg = Release|Any CPU
		{654B76EA-9F31-46C2-A303-9C7F2E325A18}.Release|Any CPU.Build.0 = Release|Any CPU
		{CE89513F-A009-4856-94BA-087A7A491657}.Debug|Any CPU.ActiveCfg = Debug|Any CPU
		{CE89513F-A009-4856-94BA-087A7A491657}.Debug|Any CPU.Build.0 = Debug|Any CPU
		{CE89513F-A009-4856-94BA-087A7A491657}.Release|Any CPU.ActiveCfg = Release|Any CPU
		{CE89513F-A009-4856-94BA-087A7A491657}.Release|Any CPU.Build.0 = Release|Any CPU
		{55B15A81-2975-43A7-994B-2EED8A32ABEB}.Debug|Any CPU.ActiveCfg = Debug|Any CPU
		{55B15A81-2975-43A7-994B-2EED8A32ABEB}.Debug|Any CPU.Build.0 = Debug|Any CPU
		{55B15A81-2975-43A7-994B-2EED8A32ABEB}.Release|Any CPU.ActiveCfg = Release|Any CPU
		{55B15A81-2975-43A7-994B-2EED8A32ABEB}.Release|Any CPU.Build.0 = Release|Any CPU
		{C8473A9F-B8BE-449C-81BF-E145D707A0B9}.Debug|Any CPU.ActiveCfg = Debug|Any CPU
		{C8473A9F-B8BE-449C-81BF-E145D707A0B9}.Debug|Any CPU.Build.0 = Debug|Any CPU
		{C8473A9F-B8BE-449C-81BF-E145D707A0B9}.Release|Any CPU.ActiveCfg = Release|Any CPU
		{C8473A9F-B8BE-449C-81BF-E145D707A0B9}.Release|Any CPU.Build.0 = Release|Any CPU
		{E293D8A5-E3E3-4F17-BB7E-CB6D099472C0}.Debug|Any CPU.ActiveCfg = Debug|Any CPU
		{E293D8A5-E3E3-4F17-BB7E-CB6D099472C0}.Debug|Any CPU.Build.0 = Debug|Any CPU
		{E293D8A5-E3E3-4F17-BB7E-CB6D099472C0}.Release|Any CPU.ActiveCfg = Release|Any CPU
		{E293D8A5-E3E3-4F17-BB7E-CB6D099472C0}.Release|Any CPU.Build.0 = Release|Any CPU
		{47AD98B7-0C34-49D9-9527-256E27321FDF}.Debug|Any CPU.ActiveCfg = Debug|Any CPU
		{47AD98B7-0C34-49D9-9527-256E27321FDF}.Debug|Any CPU.Build.0 = Debug|Any CPU
		{47AD98B7-0C34-49D9-9527-256E27321FDF}.Release|Any CPU.ActiveCfg = Release|Any CPU
		{47AD98B7-0C34-49D9-9527-256E27321FDF}.Release|Any CPU.Build.0 = Release|Any CPU
		{A2891A57-F8A2-46E5-90C6-922AC7890BAD}.Debug|Any CPU.ActiveCfg = Debug|Any CPU
		{A2891A57-F8A2-46E5-90C6-922AC7890BAD}.Debug|Any CPU.Build.0 = Debug|Any CPU
		{A2891A57-F8A2-46E5-90C6-922AC7890BAD}.Release|Any CPU.ActiveCfg = Release|Any CPU
		{A2891A57-F8A2-46E5-90C6-922AC7890BAD}.Release|Any CPU.Build.0 = Release|Any CPU
		{52DAFA84-0AC7-4836-8232-0493B6237E8D}.Debug|Any CPU.ActiveCfg = Debug|Any CPU
		{52DAFA84-0AC7-4836-8232-0493B6237E8D}.Debug|Any CPU.Build.0 = Debug|Any CPU
		{52DAFA84-0AC7-4836-8232-0493B6237E8D}.Release|Any CPU.ActiveCfg = Release|Any CPU
		{52DAFA84-0AC7-4836-8232-0493B6237E8D}.Release|Any CPU.Build.0 = Release|Any CPU
		{2121BA0E-B031-406B-91D4-02F284D6494B}.Debug|Any CPU.ActiveCfg = Debug|Any CPU
		{2121BA0E-B031-406B-91D4-02F284D6494B}.Debug|Any CPU.Build.0 = Debug|Any CPU
		{2121BA0E-B031-406B-91D4-02F284D6494B}.Release|Any CPU.ActiveCfg = Release|Any CPU
		{2121BA0E-B031-406B-91D4-02F284D6494B}.Release|Any CPU.Build.0 = Release|Any CPU
		{6BFF9D4A-A039-48F4-8E06-6277C0432B9D}.Debug|Any CPU.ActiveCfg = Debug|Any CPU
		{6BFF9D4A-A039-48F4-8E06-6277C0432B9D}.Debug|Any CPU.Build.0 = Debug|Any CPU
		{6BFF9D4A-A039-48F4-8E06-6277C0432B9D}.Release|Any CPU.ActiveCfg = Release|Any CPU
		{6BFF9D4A-A039-48F4-8E06-6277C0432B9D}.Release|Any CPU.Build.0 = Release|Any CPU
		{45FD10D9-0BFA-4A51-8CF8-7C46989F789B}.Debug|Any CPU.ActiveCfg = Debug|Any CPU
		{45FD10D9-0BFA-4A51-8CF8-7C46989F789B}.Debug|Any CPU.Build.0 = Debug|Any CPU
		{45FD10D9-0BFA-4A51-8CF8-7C46989F789B}.Release|Any CPU.ActiveCfg = Release|Any CPU
		{45FD10D9-0BFA-4A51-8CF8-7C46989F789B}.Release|Any CPU.Build.0 = Release|Any CPU
		{EF5016C4-7701-4E9F-B41D-53E21426B31F}.Debug|Any CPU.ActiveCfg = Debug|Any CPU
		{EF5016C4-7701-4E9F-B41D-53E21426B31F}.Debug|Any CPU.Build.0 = Debug|Any CPU
		{EF5016C4-7701-4E9F-B41D-53E21426B31F}.Release|Any CPU.ActiveCfg = Release|Any CPU
		{EF5016C4-7701-4E9F-B41D-53E21426B31F}.Release|Any CPU.Build.0 = Release|Any CPU
		{9509913B-527B-4777-B808-A0DD68639170}.Debug|Any CPU.ActiveCfg = Debug|Any CPU
		{9509913B-527B-4777-B808-A0DD68639170}.Debug|Any CPU.Build.0 = Debug|Any CPU
		{9509913B-527B-4777-B808-A0DD68639170}.Release|Any CPU.ActiveCfg = Release|Any CPU
		{9509913B-527B-4777-B808-A0DD68639170}.Release|Any CPU.Build.0 = Release|Any CPU
		{4DE09488-30C6-46AA-B12A-E6210065F603}.Debug|Any CPU.ActiveCfg = Debug|Any CPU
		{4DE09488-30C6-46AA-B12A-E6210065F603}.Debug|Any CPU.Build.0 = Debug|Any CPU
		{4DE09488-30C6-46AA-B12A-E6210065F603}.Release|Any CPU.ActiveCfg = Release|Any CPU
		{4DE09488-30C6-46AA-B12A-E6210065F603}.Release|Any CPU.Build.0 = Release|Any CPU
		{5B987526-D50A-478F-ADB5-20F337519DDB}.Debug|Any CPU.ActiveCfg = Debug|Any CPU
		{5B987526-D50A-478F-ADB5-20F337519DDB}.Debug|Any CPU.Build.0 = Debug|Any CPU
		{5B987526-D50A-478F-ADB5-20F337519DDB}.Release|Any CPU.ActiveCfg = Release|Any CPU
		{5B987526-D50A-478F-ADB5-20F337519DDB}.Release|Any CPU.Build.0 = Release|Any CPU
		{6F9D78B9-647F-4965-A255-BB8A24A599F9}.Debug|Any CPU.ActiveCfg = Debug|Any CPU
		{6F9D78B9-647F-4965-A255-BB8A24A599F9}.Debug|Any CPU.Build.0 = Debug|Any CPU
		{6F9D78B9-647F-4965-A255-BB8A24A599F9}.Release|Any CPU.ActiveCfg = Release|Any CPU
		{6F9D78B9-647F-4965-A255-BB8A24A599F9}.Release|Any CPU.Build.0 = Release|Any CPU
		{A2AD6761-E82C-498F-AF4A-2283FAE45104}.Debug|Any CPU.ActiveCfg = Debug|Any CPU
		{A2AD6761-E82C-498F-AF4A-2283FAE45104}.Debug|Any CPU.Build.0 = Debug|Any CPU
		{A2AD6761-E82C-498F-AF4A-2283FAE45104}.Release|Any CPU.ActiveCfg = Release|Any CPU
		{A2AD6761-E82C-498F-AF4A-2283FAE45104}.Release|Any CPU.Build.0 = Release|Any CPU
	EndGlobalSection
	GlobalSection(SolutionProperties) = preSolution
		HideSolutionNode = FALSE
	EndGlobalSection
	GlobalSection(ExtensibilityGlobals) = postSolution
		SolutionGuid = {1618B970-E604-492A-A9E5-D6B1E6450113}
	EndGlobalSection
EndGlobal
