
Microsoft Visual Studio Solution File, Format Version 12.00
# Visual Studio Version 18
VisualStudioVersion = 18.0.11222.15
MinimumVisualStudioVersion = 10.0.40219.1
Project("{FAE04EC0-301F-11D3-BF4B-00C04F79EFBC}") = "ConsoleApp1", "ConsoleApp1\ConsoleApp1.csproj", "{6491A817-71FB-4A78-A0DB-4527D5AD0D3E}"
EndProject
Project("{FAE04EC0-301F-11D3-BF4B-00C04F79EFBC}") = "ConsoleApp2", "ConsoleApp2\ConsoleApp2.csproj", "{7AD3171C-51EB-4E69-ABBE-C1DD55406BF6}"
EndProject
Project("{FAE04EC0-301F-11D3-BF4B-00C04F79EFBC}") = "WindowsFormsApp1", "WindowsFormsApp1\WindowsFormsApp1.csproj", "{2F24A6C5-1447-49EA-A469-3B821F221E9A}"
EndProject
Project("{FAE04EC0-301F-11D3-BF4B-00C04F79EFBC}") = "ConsoleApp3", "ConsoleApp3\ConsoleApp3.csproj", "{9CC37A7E-7C4D-4690-86EA-112376265F28}"
EndProject
Project("{FAE04EC0-301F-11D3-BF4B-00C04F79EFBC}") = "ConsoleApp4", "ConsoleApp4\ConsoleApp4.csproj", "{BB9C3D47-5E66-41C8-8152-AD6EB96937DD}"
EndProject
Project("{FAE04EC0-301F-11D3-BF4B-00C04F79EFBC}") = "ConsoleApp5", "ConsoleApp5\ConsoleApp5.csproj", "{C0419D64-E383-4618-A055-6A6BC2DBADF1}"
EndProject
Project("{FAE04EC0-301F-11D3-BF4B-00C04F79EFBC}") = "ConsoleApp6", "ConsoleApp6\ConsoleApp6.csproj", "{A7B5B51B-F0E9-49EA-AE2C-DF90AB017EDD}"
EndProject
Project("{FAE04EC0-301F-11D3-BF4B-00C04F79EFBC}") = "ConsoleApp7", "ConsoleApp7\ConsoleApp7.csproj", "{F43432AF-DE59-44EF-918D-797BDF29D941}"
EndProject
Project("{FAE04EC0-301F-11D3-BF4B-00C04F79EFBC}") = "ConcatStringStringExec", "ConcatStringStringExec\ConcatStringStringExec.csproj", "{5048B0E4-857A-4468-A7EE-005F01AE7DAC}"
EndProject
Project("{FAE04EC0-301F-11D3-BF4B-00C04F79EFBC}") = "MultiLineStringExec", "MultiLineStringExec\MultiLineStringExec.csproj", "{3DB02477-B455-459F-B502-A99477D00930}"
EndProject
Project("{FAE04EC0-301F-11D3-BF4B-00C04F79EFBC}") = "01.30.10_Output", "Truncatexx\01.30.10_Output.csproj", "{184FE816-0083-4F84-BEAB-FE224EEBD054}"
EndProject
Project("{FAE04EC0-301F-11D3-BF4B-00C04F79EFBC}") = "01.50.90_Output", "01.50.90輸出\01.50.90_Output.csproj", "{93B044CF-0709-407B-A9C6-EC4D1518A40C}"
EndProject
Project("{FAE04EC0-301F-11D3-BF4B-00C04F79EFBC}") = "ConsoleApp8", "ConsoleApp8\ConsoleApp8.csproj", "{654B76EA-9F31-46C2-A303-9C7F2E325A18}"
EndProject
Project("{FAE04EC0-301F-11D3-BF4B-00C04F79EFBC}") = "ConsoleApp9", "ConsoleApp9\ConsoleApp9.csproj", "{CE89513F-A009-4856-94BA-087A7A491657}"
EndProject
Project("{FAE04EC0-301F-11D3-BF4B-00C04F79EFBC}") = "ConsoleApp10", "ConsoleApp10\ConsoleApp10.csproj", "{55B15A81-2975-43A7-994B-2EED8A32ABEB}"
EndProject
Project("{FAE04EC0-301F-11D3-BF4B-00C04F79EFBC}") = "ConsoleApp11", "ConsoleApp11\ConsoleApp11.csproj", "{C8473A9F-B8BE-449C-81BF-E145D707A0B9}"
EndProject
Project("{FAE04EC0-301F-11D3-BF4B-00C04F79EFBC}") = "ConsoleApp12", "ConsoleApp12\ConsoleApp12.csproj", "{E293D8A5-E3E3-4F17-BB7E-CB6D099472C0}"
EndProject
Project("{FAE04EC0-301F-11D3-BF4B-00C04F79EFBC}") = "ConsoleApp13", "ConsoleApp13\ConsoleApp13.csproj", "{47AD98B7-0C34-49D9-9527-256E27321FDF}"
EndProject
Project("{FAE04EC0-301F-11D3-BF4B-00C04F79EFBC}") = "ConsoleApp14", "ConsoleApp14\ConsoleApp14.csproj", "{A2891A57-F8A2-46E5-90C6-922AC7890BAD}"
EndProject
Project("{FAE04EC0-301F-11D3-BF4B-00C04F79EFBC}") = "ConsoleApp15", "ConsoleApp15\ConsoleApp15.csproj", "{52DAFA84-0AC7-4836-8232-0493B6237E8D}"
EndProject
Project("{FAE04EC0-301F-11D3-BF4B-00C04F79EFBC}") = "ConsoleApp16", "ConsoleApp16\ConsoleApp16.csproj", "{2121BA0E-B031-406B-91D4-02F284D6494B}"
EndProject
Project("{FAE04EC0-301F-11D3-BF4B-00C04F79EFBC}") = "ConsoleApp17", "ConsoleApp17\ConsoleApp17.csproj", "{6BFF9D4A-A039-48F4-8E06-6277C0432B9D}"
EndProject
Project("{FAE04EC0-301F-11D3-BF4B-00C04F79EFBC}") = "ConsoleApp18", "ConsoleApp18\ConsoleApp18.csproj", "{45FD10D9-0BFA-4A51-8CF8-7C46989F789B}"
EndProject
Project("{FAE04EC0-301F-11D3-BF4B-00C04F79EFBC}") = "ConsoleApp19", "ConsoleApp19\ConsoleApp19.csproj", "{EF5016C4-7701-4E9F-B41D-53E21426B31F}"
EndProject
Project("{FAE04EC0-301F-11D3-BF4B-00C04F79EFBC}") = "ConsoleApp20", "ConsoleApp20\ConsoleApp20.csproj", "{9509913B-527B-4777-B808-A0DD68639170}"
EndProject
Project("{FAE04EC0-301F-11D3-BF4B-00C04F79EFBC}") = "ConsoleApp21", "ConsoleApp21\ConsoleApp21.csproj", "{4DE09488-30C6-46AA-B12A-E6210065F603}"
EndProject
Project("{FAE04EC0-301F-11D3-BF4B-00C04F79EFBC}") = "ConsoleApp22", "ConsoleApp22\ConsoleApp22.csproj", "{5B987526-D50A-478F-ADB5-20F337519DDB}"
EndProject
Project("{FAE04EC0-301F-11D3-BF4B-00C04F79EFBC}") = "ConsoleApp23", "ConsoleApp23\ConsoleApp23.csproj", "{6F9D78B9-647F-4965-A255-BB8A24A599F9}"
EndProject
Project("{FAE04EC0-301F-11D3-BF4B-00C04F79EFBC}") = "ConsoleApp24", "ConsoleApp24\ConsoleApp24.csproj", "{A2AD6761-E82C-498F-AF4A-2283FAE45104}"
EndProject
Project("{FAE04EC0-301F-11D3-BF4B-00C04F79EFBC}") = "ConsoleApp25", "ConsoleApp25\ConsoleApp25.csproj", "{84B65EF5-7886-4545-B97B-AE913AE7EE84}"
EndProject
Project("{FAE04EC0-301F-11D3-BF4B-00C04F79EFBC}") = "ConsoleApp26", "ConsoleApp26\ConsoleApp26.csproj", "{B0D2D739-2854-4BB8-AD7E-DE1256E5D075}"
EndProject
Project("{FAE04EC0-301F-11D3-BF4B-00C04F79EFBC}") = "ConsoleApp27", "ConsoleApp27\ConsoleApp27.csproj", "{91C38A1B-6C17-46D7-AF4A-EE366FEFE400}"
EndProject
Project("{FAE04EC0-301F-11D3-BF4B-00C04F79EFBC}") = "ConsoleApp28", "ConsoleApp28\ConsoleApp28.csproj", "{E4652457-0A2B-4B45-8D60-E1F8C8C75517}"
EndProject
Project("{FAE04EC0-301F-11D3-BF4B-00C04F79EFBC}") = "ConsoleApp29", "ConsoleApp29\ConsoleApp29.csproj", "{1021BC2F-056C-4FA2-B054-572003374C92}"
EndProject
Project("{FAE04EC0-301F-11D3-BF4B-00C04F79EFBC}") = "ConsoleApp30", "ConsoleApp30\ConsoleApp30.csproj", "{E001A3BE-8D04-413E-B5DF-CF581AF70EC1}"
EndProject
Project("{FAE04EC0-301F-11D3-BF4B-00C04F79EFBC}") = "ConsoleApp31", "ConsoleApp31\ConsoleApp31.csproj", "{D239613E-3BF3-4E34-95F8-662CD7E6F31A}"
EndProject
Project("{FAE04EC0-301F-11D3-BF4B-00C04F79EFBC}") = "ConsoleApp32", "ConsoleApp32\ConsoleApp32.csproj", "{C275B822-E818-4255-A64C-A04043B7B697}"
EndProject
Project("{FAE04EC0-301F-11D3-BF4B-00C04F79EFBC}") = "01.70.10forloopExample", "01.70.10for的範例\01.70.10forloopExample.csproj", "{8F1C7FC7-3673-4397-8250-A084209DEBE5}"
EndProject
Project("{FAE04EC0-301F-11D3-BF4B-00C04F79EFBC}") = "!!!01.70.10for的範例#2", "01.70.10for的範例#2\!!!01.70.10for的範例#2.csproj", "{367633D8-8EBC-4398-978D-C51F0407D244}"
EndProject
Project("{FAE04EC0-301F-11D3-BF4B-00C04F79EFBC}") = "01.70.20DeclareString", "01.70.20宣告字串\01.70.20DeclareString.csproj", "{6C7C10B4-61C3-415D-AD06-AF4CF7C9EE3E}"
EndProject
Project("{FAE04EC0-301F-11D3-BF4B-00C04F79EFBC}") = "01.70.30計算數值總和", "01.70.30計算數值總和\01.70.30計算數值總和.csproj", "{D1A1EE6D-28CB-4620-B880-76C5B1CDC384}"
EndProject
Project("{FAE04EC0-301F-11D3-BF4B-00C04F79EFBC}") = "00.020HW1", "00.020作業1\00.020HW1.csproj", "{05DFFBC1-CD69-4A4B-B01A-236E2813399C}"
EndProject
Project("{FAE04EC0-301F-11D3-BF4B-00C04F79EFBC}") = "00.020HW1_02", "00.020作業1_02\00.020HW1_02.csproj", "{5D3994DE-BF3C-439F-A0D1-F8BA5A8694C1}"
EndProject
Project("{FAE04EC0-301F-11D3-BF4B-00C04F79EFBC}") = "00.020HW1_03", "00.020作業1_03\00.020HW1_03.csproj", "{D4453F4A-2E84-4008-ACD9-7BF1D902F28C}"
EndProject
Project("{FAE04EC0-301F-11D3-BF4B-00C04F79EFBC}") = "00.020HW1_04", "00.020作業1_04\00.020HW1_04.csproj", "{BC263CC0-E7E6-408C-B2D9-98FAFE5136B3}"
EndProject
Project("{FAE04EC0-301F-11D3-BF4B-00C04F79EFBC}") = "00.020HW1_05", "00.020作業1_05\00.020HW1_05.csproj", "{5F7DE71A-15FE-4929-AC0D-14818C001F10}"
EndProject
Project("{FAE04EC0-301F-11D3-BF4B-00C04F79EFBC}") = "00.000PracticeExercise", "00.000練習題目\00.000PracticeExercise.csproj", "{5156AAF2-D41A-4749-A031-9E0D7E69C16C}"
EndProject
Project("{FAE04EC0-301F-11D3-BF4B-00C04F79EFBC}") = "01.70.32萃取方法範例-取得二維陣列裡的最小值", "01.70.32萃取方法範例-取得二維陣列裡的最小值\01.70.32萃取方法範例-取得二維陣列裡的最小值.csproj", "{1AC0F0B1-1F63-48ED-969C-F6F38AD83951}"
EndProject
Project("{FAE04EC0-301F-11D3-BF4B-00C04F79EFBC}") = "01.70.40迴圈裡的break,continue", "01.70.40迴圈裡的break,continue\01.70.40迴圈裡的break,continue.csproj", "{9515E115-2578-41C2-8EC9-B9A8EAAD86B1}"
EndProject
Project("{FAE04EC0-301F-11D3-BF4B-00C04F79EFBC}") = "ConsoleApp33", "ConsoleApp33\ConsoleApp33.csproj", "{59CE7ACB-08DA-4C8C-9C28-B5479DEC1E8D}"
EndProject
Project("{FAE04EC0-301F-11D3-BF4B-00C04F79EFBC}") = "ConsoleApp34", "ConsoleApp34\ConsoleApp34.csproj", "{E673DA1C-8D87-4889-8DA7-5A5E1C4777D7}"
EndProject
Project("{FAE04EC0-301F-11D3-BF4B-00C04F79EFBC}") = "ConsoleApp35", "ConsoleApp35\ConsoleApp35.csproj", "{B7B1DA4A-A333-449F-836E-A88386722334}"
EndProject
Project("{FAE04EC0-301F-11D3-BF4B-00C04F79EFBC}") = "ConsoleApp36", "ConsoleApp36\ConsoleApp36.csproj", "{960564A6-3393-48C3-966B-E3163954F4CB}"
EndProject
Project("{FAE04EC0-301F-11D3-BF4B-00C04F79EFBC}") = "ConsoleApp37", "ConsoleApp37\ConsoleApp37.csproj", "{F4BB1FDE-C401-49B0-B0F2-86821E490003}"
EndProject
Project("{FAE04EC0-301F-11D3-BF4B-00C04F79EFBC}") = "ConsoleApp38", "ConsoleApp38\ConsoleApp38.csproj", "{7627F36C-5B8E-4CFE-B608-168EAB63A44B}"
EndProject
Project("{FAE04EC0-301F-11D3-BF4B-00C04F79EFBC}") = "ConsoleApp39", "ConsoleApp39\ConsoleApp39.csproj", "{C628E00C-A476-4459-8B82-6B0299E66035}"
EndProject
Project("{FAE04EC0-301F-11D3-BF4B-00C04F79EFBC}") = "ConsoleApp40", "ConsoleApp40\ConsoleApp40.csproj", "{B383CCAF-6FF2-4BB2-A2FA-1A441D66F590}"
EndProject
Project("{FAE04EC0-301F-11D3-BF4B-00C04F79EFBC}") = "ConsoleApp41", "ConsoleApp41\ConsoleApp41.csproj", "{629447B0-15BF-414F-B2F0-1F474A15BEB9}"
EndProject
Project("{FAE04EC0-301F-11D3-BF4B-00C04F79EFBC}") = "ConsoleApp42", "ConsoleApp42\ConsoleApp42.csproj", "{37F353CB-64D3-41DD-82A3-12007A4FBC4A}"
EndProject
Project("{FAE04EC0-301F-11D3-BF4B-00C04F79EFBC}") = "ConsoleApp43", "ConsoleApp43\ConsoleApp43.csproj", "{17E6EF8B-0430-4E44-BEFC-82BE1A3B9735}"
EndProject
Project("{FAE04EC0-301F-11D3-BF4B-00C04F79EFBC}") = "ConsoleApp44", "ConsoleApp44\ConsoleApp44.csproj", "{381DE97A-FC21-4163-B326-D7DDE02E4688}"
EndProject
Project("{FAE04EC0-301F-11D3-BF4B-00C04F79EFBC}") = "ConsoleApp45", "ConsoleApp45\ConsoleApp45.csproj", "{B5BCB654-3162-4AB3-823F-6AD72AE6EAEC}"
EndProject
Project("{FAE04EC0-301F-11D3-BF4B-00C04F79EFBC}") = "00.020HW2_StudentScoreRecord", "00.020作業2_學生分數記錄\00.020HW2_StudentScoreRecord.csproj", "{2B0E11BF-FC63-4BB3-9EC4-843F2B076051}"
EndProject
Project("{FAE04EC0-301F-11D3-BF4B-00C04F79EFBC}") = "00.020HW2_Calculator", "00.020作業2_模擬簡單計算機\00.020HW2_Calculator.csproj", "{51E2C5CF-0127-4DA9-B8F0-4143A01E7910}"
EndProject
Project("{FAE04EC0-301F-11D3-BF4B-00C04F79EFBC}") = "00.020HW2_銀行帳戶管理", "00.020作業2_銀行帳戶管理\00.020HW2_銀行帳戶管理.csproj", "{A8D1E6A5-BD47-459C-B3E2-D625206ECEB6}"
EndProject
Project("{FAE04EC0-301F-11D3-BF4B-00C04F79EFBC}") = "00.020HW2_ProductClassAndDiscount", "00.020作業2_商品類別與折扣計算\00.020HW2_ProductClassAndDiscount.csproj", "{8FE747A3-CD77-4DED-96A0-632C6C7C9C34}"
EndProject
Project("{FAE04EC0-301F-11D3-BF4B-00C04F79EFBC}") = "00.020HW2_CarInfoManagement", "00.020作業2_車輛資訊管理\00.020HW2_CarInfoManagement.csproj", "{D3223519-515E-4329-9B28-6A20D5B2D484}"
EndProject
Project("{FAE04EC0-301F-11D3-BF4B-00C04F79EFBC}") = "00.020作業2_SimpleLibrary", "00.020作業2_模擬簡單圖書館\00.020作業2_SimpleLibrary.csproj", "{0AA5DD88-B128-4FCD-A299-65D46DF8939C}"
EndProject
Project("{FAE04EC0-301F-11D3-BF4B-00C04F79EFBC}") = "00.020HW2_CarInfoManagementUnitTest", "!!!!!!00.020作業2_車輛資訊管理測試\00.020HW2_CarInfoManagementUnitTest.csproj", "{7324F8DD-2144-4F9F-937E-F45399888896}"
EndProject
Global
	GlobalSection(SolutionConfigurationPlatforms) = preSolution
		Debug|Any CPU = Debug|Any CPU
		Release|Any CPU = Release|Any CPU
	EndGlobalSection
	GlobalSection(ProjectConfigurationPlatforms) = postSolution
		{6491A817-71FB-4A78-A0DB-4527D5AD0D3E}.Debug|Any CPU.ActiveCfg = Debug|Any CPU
		{6491A817-71FB-4A78-A0DB-4527D5AD0D3E}.Debug|Any CPU.Build.0 = Debug|Any CPU
		{6491A817-71FB-4A78-A0DB-4527D5AD0D3E}.Release|Any CPU.ActiveCfg = Release|Any CPU
		{6491A817-71FB-4A78-A0DB-4527D5AD0D3E}.Release|Any CPU.Build.0 = Release|Any CPU
		{7AD3171C-51EB-4E69-ABBE-C1DD55406BF6}.Debug|Any CPU.ActiveCfg = Debug|Any CPU
		{7AD3171C-51EB-4E69-ABBE-C1DD55406BF6}.Debug|Any CPU.Build.0 = Debug|Any CPU
		{7AD3171C-51EB-4E69-ABBE-C1DD55406BF6}.Release|Any CPU.ActiveCfg = Release|Any CPU
		{7AD3171C-51EB-4E69-ABBE-C1DD55406BF6}.Release|Any CPU.Build.0 = Release|Any CPU
		{2F24A6C5-1447-49EA-A469-3B821F221E9A}.Debug|Any CPU.ActiveCfg = Debug|Any CPU
		{2F24A6C5-1447-49EA-A469-3B821F221E9A}.Debug|Any CPU.Build.0 = Debug|Any CPU
		{2F24A6C5-1447-49EA-A469-3B821F221E9A}.Release|Any CPU.ActiveCfg = Release|Any CPU
		{2F24A6C5-1447-49EA-A469-3B821F221E9A}.Release|Any CPU.Build.0 = Release|Any CPU
		{9CC37A7E-7C4D-4690-86EA-112376265F28}.Debug|Any CPU.ActiveCfg = Debug|Any CPU
		{9CC37A7E-7C4D-4690-86EA-112376265F28}.Debug|Any CPU.Build.0 = Debug|Any CPU
		{9CC37A7E-7C4D-4690-86EA-112376265F28}.Release|Any CPU.ActiveCfg = Release|Any CPU
		{9CC37A7E-7C4D-4690-86EA-112376265F28}.Release|Any CPU.Build.0 = Release|Any CPU
		{BB9C3D47-5E66-41C8-8152-AD6EB96937DD}.Debug|Any CPU.ActiveCfg = Debug|Any CPU
		{BB9C3D47-5E66-41C8-8152-AD6EB96937DD}.Debug|Any CPU.Build.0 = Debug|Any CPU
		{BB9C3D47-5E66-41C8-8152-AD6EB96937DD}.Release|Any CPU.ActiveCfg = Release|Any CPU
		{BB9C3D47-5E66-41C8-8152-AD6EB96937DD}.Release|Any CPU.Build.0 = Release|Any CPU
		{C0419D64-E383-4618-A055-6A6BC2DBADF1}.Debug|Any CPU.ActiveCfg = Debug|Any CPU
		{C0419D64-E383-4618-A055-6A6BC2DBADF1}.Debug|Any CPU.Build.0 = Debug|Any CPU
		{C0419D64-E383-4618-A055-6A6BC2DBADF1}.Release|Any CPU.ActiveCfg = Release|Any CPU
		{C0419D64-E383-4618-A055-6A6BC2DBADF1}.Release|Any CPU.Build.0 = Release|Any CPU
		{A7B5B51B-F0E9-49EA-AE2C-DF90AB017EDD}.Debug|Any CPU.ActiveCfg = Debug|Any CPU
		{A7B5B51B-F0E9-49EA-AE2C-DF90AB017EDD}.Debug|Any CPU.Build.0 = Debug|Any CPU
		{A7B5B51B-F0E9-49EA-AE2C-DF90AB017EDD}.Release|Any CPU.ActiveCfg = Release|Any CPU
		{A7B5B51B-F0E9-49EA-AE2C-DF90AB017EDD}.Release|Any CPU.Build.0 = Release|Any CPU
		{F43432AF-DE59-44EF-918D-797BDF29D941}.Debug|Any CPU.ActiveCfg = Debug|Any CPU
		{F43432AF-DE59-44EF-918D-797BDF29D941}.Debug|Any CPU.Build.0 = Debug|Any CPU
		{F43432AF-DE59-44EF-918D-797BDF29D941}.Release|Any CPU.ActiveCfg = Release|Any CPU
		{F43432AF-DE59-44EF-918D-797BDF29D941}.Release|Any CPU.Build.0 = Release|Any CPU
		{5048B0E4-857A-4468-A7EE-005F01AE7DAC}.Debug|Any CPU.ActiveCfg = Debug|Any CPU
		{5048B0E4-857A-4468-A7EE-005F01AE7DAC}.Debug|Any CPU.Build.0 = Debug|Any CPU
		{5048B0E4-857A-4468-A7EE-005F01AE7DAC}.Release|Any CPU.ActiveCfg = Release|Any CPU
		{5048B0E4-857A-4468-A7EE-005F01AE7DAC}.Release|Any CPU.Build.0 = Release|Any CPU
		{3DB02477-B455-459F-B502-A99477D00930}.Debug|Any CPU.ActiveCfg = Debug|Any CPU
		{3DB02477-B455-459F-B502-A99477D00930}.Debug|Any CPU.Build.0 = Debug|Any CPU
		{3DB02477-B455-459F-B502-A99477D00930}.Release|Any CPU.ActiveCfg = Release|Any CPU
		{3DB02477-B455-459F-B502-A99477D00930}.Release|Any CPU.Build.0 = Release|Any CPU
		{184FE816-0083-4F84-BEAB-FE224EEBD054}.Debug|Any CPU.ActiveCfg = Debug|Any CPU
		{184FE816-0083-4F84-BEAB-FE224EEBD054}.Debug|Any CPU.Build.0 = Debug|Any CPU
		{184FE816-0083-4F84-BEAB-FE224EEBD054}.Release|Any CPU.ActiveCfg = Release|Any CPU
		{184FE816-0083-4F84-BEAB-FE224EEBD054}.Release|Any CPU.Build.0 = Release|Any CPU
		{93B044CF-0709-407B-A9C6-EC4D1518A40C}.Debug|Any CPU.ActiveCfg = Debug|Any CPU
		{93B044CF-0709-407B-A9C6-EC4D1518A40C}.Debug|Any CPU.Build.0 = Debug|Any CPU
		{93B044CF-0709-407B-A9C6-EC4D1518A40C}.Release|Any CPU.ActiveCfg = Release|Any CPU
		{93B044CF-0709-407B-A9C6-EC4D1518A40C}.Release|Any CPU.Build.0 = Release|Any CPU
		{654B76EA-9F31-46C2-A303-9C7F2E325A18}.Debug|Any CPU.ActiveCfg = Debug|Any CPU
		{654B76EA-9F31-46C2-A303-9C7F2E325A18}.Debug|Any CPU.Build.0 = Debug|Any CPU
		{654B76EA-9F31-46C2-A303-9C7F2E325A18}.Release|Any CPU.ActiveCfg = Release|Any CPU
		{654B76EA-9F31-46C2-A303-9C7F2E325A18}.Release|Any CPU.Build.0 = Release|Any CPU
		{CE89513F-A009-4856-94BA-087A7A491657}.Debug|Any CPU.ActiveCfg = Debug|Any CPU
		{CE89513F-A009-4856-94BA-087A7A491657}.Debug|Any CPU.Build.0 = Debug|Any CPU
		{CE89513F-A009-4856-94BA-087A7A491657}.Release|Any CPU.ActiveCfg = Release|Any CPU
		{CE89513F-A009-4856-94BA-087A7A491657}.Release|Any CPU.Build.0 = Release|Any CPU
		{55B15A81-2975-43A7-994B-2EED8A32ABEB}.Debug|Any CPU.ActiveCfg = Debug|Any CPU
		{55B15A81-2975-43A7-994B-2EED8A32ABEB}.Debug|Any CPU.Build.0 = Debug|Any CPU
		{55B15A81-2975-43A7-994B-2EED8A32ABEB}.Release|Any CPU.ActiveCfg = Release|Any CPU
		{55B15A81-2975-43A7-994B-2EED8A32ABEB}.Release|Any CPU.Build.0 = Release|Any CPU
		{C8473A9F-B8BE-449C-81BF-E145D707A0B9}.Debug|Any CPU.ActiveCfg = Debug|Any CPU
		{C8473A9F-B8BE-449C-81BF-E145D707A0B9}.Debug|Any CPU.Build.0 = Debug|Any CPU
		{C8473A9F-B8BE-449C-81BF-E145D707A0B9}.Release|Any CPU.ActiveCfg = Release|Any CPU
		{C8473A9F-B8BE-449C-81BF-E145D707A0B9}.Release|Any CPU.Build.0 = Release|Any CPU
		{E293D8A5-E3E3-4F17-BB7E-CB6D099472C0}.Debug|Any CPU.ActiveCfg = Debug|Any CPU
		{E293D8A5-E3E3-4F17-BB7E-CB6D099472C0}.Debug|Any CPU.Build.0 = Debug|Any CPU
		{E293D8A5-E3E3-4F17-BB7E-CB6D099472C0}.Release|Any CPU.ActiveCfg = Release|Any CPU
		{E293D8A5-E3E3-4F17-BB7E-CB6D099472C0}.Release|Any CPU.Build.0 = Release|Any CPU
		{47AD98B7-0C34-49D9-9527-256E27321FDF}.Debug|Any CPU.ActiveCfg = Debug|Any CPU
		{47AD98B7-0C34-49D9-9527-256E27321FDF}.Debug|Any CPU.Build.0 = Debug|Any CPU
		{47AD98B7-0C34-49D9-9527-256E27321FDF}.Release|Any CPU.ActiveCfg = Release|Any CPU
		{47AD98B7-0C34-49D9-9527-256E27321FDF}.Release|Any CPU.Build.0 = Release|Any CPU
		{A2891A57-F8A2-46E5-90C6-922AC7890BAD}.Debug|Any CPU.ActiveCfg = Debug|Any CPU
		{A2891A57-F8A2-46E5-90C6-922AC7890BAD}.Debug|Any CPU.Build.0 = Debug|Any CPU
		{A2891A57-F8A2-46E5-90C6-922AC7890BAD}.Release|Any CPU.ActiveCfg = Release|Any CPU
		{A2891A57-F8A2-46E5-90C6-922AC7890BAD}.Release|Any CPU.Build.0 = Release|Any CPU
		{52DAFA84-0AC7-4836-8232-0493B6237E8D}.Debug|Any CPU.ActiveCfg = Debug|Any CPU
		{52DAFA84-0AC7-4836-8232-0493B6237E8D}.Debug|Any CPU.Build.0 = Debug|Any CPU
		{52DAFA84-0AC7-4836-8232-0493B6237E8D}.Release|Any CPU.ActiveCfg = Release|Any CPU
		{52DAFA84-0AC7-4836-8232-0493B6237E8D}.Release|Any CPU.Build.0 = Release|Any CPU
		{2121BA0E-B031-406B-91D4-02F284D6494B}.Debug|Any CPU.ActiveCfg = Debug|Any CPU
		{2121BA0E-B031-406B-91D4-02F284D6494B}.Debug|Any CPU.Build.0 = Debug|Any CPU
		{2121BA0E-B031-406B-91D4-02F284D6494B}.Release|Any CPU.ActiveCfg = Release|Any CPU
		{2121BA0E-B031-406B-91D4-02F284D6494B}.Release|Any CPU.Build.0 = Release|Any CPU
		{6BFF9D4A-A039-48F4-8E06-6277C0432B9D}.Debug|Any CPU.ActiveCfg = Debug|Any CPU
		{6BFF9D4A-A039-48F4-8E06-6277C0432B9D}.Debug|Any CPU.Build.0 = Debug|Any CPU
		{6BFF9D4A-A039-48F4-8E06-6277C0432B9D}.Release|Any CPU.ActiveCfg = Release|Any CPU
		{6BFF9D4A-A039-48F4-8E06-6277C0432B9D}.Release|Any CPU.Build.0 = Release|Any CPU
		{45FD10D9-0BFA-4A51-8CF8-7C46989F789B}.Debug|Any CPU.ActiveCfg = Debug|Any CPU
		{45FD10D9-0BFA-4A51-8CF8-7C46989F789B}.Debug|Any CPU.Build.0 = Debug|Any CPU
		{45FD10D9-0BFA-4A51-8CF8-7C46989F789B}.Release|Any CPU.ActiveCfg = Release|Any CPU
		{45FD10D9-0BFA-4A51-8CF8-7C46989F789B}.Release|Any CPU.Build.0 = Release|Any CPU
		{EF5016C4-7701-4E9F-B41D-53E21426B31F}.Debug|Any CPU.ActiveCfg = Debug|Any CPU
		{EF5016C4-7701-4E9F-B41D-53E21426B31F}.Debug|Any CPU.Build.0 = Debug|Any CPU
		{EF5016C4-7701-4E9F-B41D-53E21426B31F}.Release|Any CPU.ActiveCfg = Release|Any CPU
		{EF5016C4-7701-4E9F-B41D-53E21426B31F}.Release|Any CPU.Build.0 = Release|Any CPU
		{9509913B-527B-4777-B808-A0DD68639170}.Debug|Any CPU.ActiveCfg = Debug|Any CPU
		{9509913B-527B-4777-B808-A0DD68639170}.Debug|Any CPU.Build.0 = Debug|Any CPU
		{9509913B-527B-4777-B808-A0DD68639170}.Release|Any CPU.ActiveCfg = Release|Any CPU
		{9509913B-527B-4777-B808-A0DD68639170}.Release|Any CPU.Build.0 = Release|Any CPU
		{4DE09488-30C6-46AA-B12A-E6210065F603}.Debug|Any CPU.ActiveCfg = Debug|Any CPU
		{4DE09488-30C6-46AA-B12A-E6210065F603}.Debug|Any CPU.Build.0 = Debug|Any CPU
		{4DE09488-30C6-46AA-B12A-E6210065F603}.Release|Any CPU.ActiveCfg = Release|Any CPU
		{4DE09488-30C6-46AA-B12A-E6210065F603}.Release|Any CPU.Build.0 = Release|Any CPU
		{5B987526-D50A-478F-ADB5-20F337519DDB}.Debug|Any CPU.ActiveCfg = Debug|Any CPU
		{5B987526-D50A-478F-ADB5-20F337519DDB}.Debug|Any CPU.Build.0 = Debug|Any CPU
		{5B987526-D50A-478F-ADB5-20F337519DDB}.Release|Any CPU.ActiveCfg = Release|Any CPU
		{5B987526-D50A-478F-ADB5-20F337519DDB}.Release|Any CPU.Build.0 = Release|Any CPU
		{6F9D78B9-647F-4965-A255-BB8A24A599F9}.Debug|Any CPU.ActiveCfg = Debug|Any CPU
		{6F9D78B9-647F-4965-A255-BB8A24A599F9}.Debug|Any CPU.Build.0 = Debug|Any CPU
		{6F9D78B9-647F-4965-A255-BB8A24A599F9}.Release|Any CPU.ActiveCfg = Release|Any CPU
		{6F9D78B9-647F-4965-A255-BB8A24A599F9}.Release|Any CPU.Build.0 = Release|Any CPU
		{A2AD6761-E82C-498F-AF4A-2283FAE45104}.Debug|Any CPU.ActiveCfg = Debug|Any CPU
		{A2AD6761-E82C-498F-AF4A-2283FAE45104}.Debug|Any CPU.Build.0 = Debug|Any CPU
		{A2AD6761-E82C-498F-AF4A-2283FAE45104}.Release|Any CPU.ActiveCfg = Release|Any CPU
		{A2AD6761-E82C-498F-AF4A-2283FAE45104}.Release|Any CPU.Build.0 = Release|Any CPU
		{84B65EF5-7886-4545-B97B-AE913AE7EE84}.Debug|Any CPU.ActiveCfg = Debug|Any CPU
		{84B65EF5-7886-4545-B97B-AE913AE7EE84}.Debug|Any CPU.Build.0 = Debug|Any CPU
		{84B65EF5-7886-4545-B97B-AE913AE7EE84}.Release|Any CPU.ActiveCfg = Release|Any CPU
		{84B65EF5-7886-4545-B97B-AE913AE7EE84}.Release|Any CPU.Build.0 = Release|Any CPU
		{B0D2D739-2854-4BB8-AD7E-DE1256E5D075}.Debug|Any CPU.ActiveCfg = Debug|Any CPU
		{B0D2D739-2854-4BB8-AD7E-DE1256E5D075}.Debug|Any CPU.Build.0 = Debug|Any CPU
		{B0D2D739-2854-4BB8-AD7E-DE1256E5D075}.Release|Any CPU.ActiveCfg = Release|Any CPU
		{B0D2D739-2854-4BB8-AD7E-DE1256E5D075}.Release|Any CPU.Build.0 = Release|Any CPU
		{91C38A1B-6C17-46D7-AF4A-EE366FEFE400}.Debug|Any CPU.ActiveCfg = Debug|Any CPU
		{91C38A1B-6C17-46D7-AF4A-EE366FEFE400}.Debug|Any CPU.Build.0 = Debug|Any CPU
		{91C38A1B-6C17-46D7-AF4A-EE366FEFE400}.Release|Any CPU.ActiveCfg = Release|Any CPU
		{91C38A1B-6C17-46D7-AF4A-EE366FEFE400}.Release|Any CPU.Build.0 = Release|Any CPU
		{E4652457-0A2B-4B45-8D60-E1F8C8C75517}.Debug|Any CPU.ActiveCfg = Debug|Any CPU
		{E4652457-0A2B-4B45-8D60-E1F8C8C75517}.Debug|Any CPU.Build.0 = Debug|Any CPU
		{E4652457-0A2B-4B45-8D60-E1F8C8C75517}.Release|Any CPU.ActiveCfg = Release|Any CPU
		{E4652457-0A2B-4B45-8D60-E1F8C8C75517}.Release|Any CPU.Build.0 = Release|Any CPU
		{1021BC2F-056C-4FA2-B054-572003374C92}.Debug|Any CPU.ActiveCfg = Debug|Any CPU
		{1021BC2F-056C-4FA2-B054-572003374C92}.Debug|Any CPU.Build.0 = Debug|Any CPU
		{1021BC2F-056C-4FA2-B054-572003374C92}.Release|Any CPU.ActiveCfg = Release|Any CPU
		{1021BC2F-056C-4FA2-B054-572003374C92}.Release|Any CPU.Build.0 = Release|Any CPU
		{E001A3BE-8D04-413E-B5DF-CF581AF70EC1}.Debug|Any CPU.ActiveCfg = Debug|Any CPU
		{E001A3BE-8D04-413E-B5DF-CF581AF70EC1}.Debug|Any CPU.Build.0 = Debug|Any CPU
		{E001A3BE-8D04-413E-B5DF-CF581AF70EC1}.Release|Any CPU.ActiveCfg = Release|Any CPU
		{E001A3BE-8D04-413E-B5DF-CF581AF70EC1}.Release|Any CPU.Build.0 = Release|Any CPU
		{D239613E-3BF3-4E34-95F8-662CD7E6F31A}.Debug|Any CPU.ActiveCfg = Debug|Any CPU
		{D239613E-3BF3-4E34-95F8-662CD7E6F31A}.Debug|Any CPU.Build.0 = Debug|Any CPU
		{D239613E-3BF3-4E34-95F8-662CD7E6F31A}.Release|Any CPU.ActiveCfg = Release|Any CPU
		{D239613E-3BF3-4E34-95F8-662CD7E6F31A}.Release|Any CPU.Build.0 = Release|Any CPU
		{C275B822-E818-4255-A64C-A04043B7B697}.Debug|Any CPU.ActiveCfg = Debug|Any CPU
		{C275B822-E818-4255-A64C-A04043B7B697}.Debug|Any CPU.Build.0 = Debug|Any CPU
		{C275B822-E818-4255-A64C-A04043B7B697}.Release|Any CPU.ActiveCfg = Release|Any CPU
		{C275B822-E818-4255-A64C-A04043B7B697}.Release|Any CPU.Build.0 = Release|Any CPU
		{8F1C7FC7-3673-4397-8250-A084209DEBE5}.Debug|Any CPU.ActiveCfg = Debug|Any CPU
		{8F1C7FC7-3673-4397-8250-A084209DEBE5}.Debug|Any CPU.Build.0 = Debug|Any CPU
		{8F1C7FC7-3673-4397-8250-A084209DEBE5}.Release|Any CPU.ActiveCfg = Release|Any CPU
		{8F1C7FC7-3673-4397-8250-A084209DEBE5}.Release|Any CPU.Build.0 = Release|Any CPU
		{367633D8-8EBC-4398-978D-C51F0407D244}.Debug|Any CPU.ActiveCfg = Debug|Any CPU
		{367633D8-8EBC-4398-978D-C51F0407D244}.Debug|Any CPU.Build.0 = Debug|Any CPU
		{367633D8-8EBC-4398-978D-C51F0407D244}.Release|Any CPU.ActiveCfg = Release|Any CPU
		{367633D8-8EBC-4398-978D-C51F0407D244}.Release|Any CPU.Build.0 = Release|Any CPU
		{6C7C10B4-61C3-415D-AD06-AF4CF7C9EE3E}.Debug|Any CPU.ActiveCfg = Debug|Any CPU
		{6C7C10B4-61C3-415D-AD06-AF4CF7C9EE3E}.Debug|Any CPU.Build.0 = Debug|Any CPU
		{6C7C10B4-61C3-415D-AD06-AF4CF7C9EE3E}.Release|Any CPU.ActiveCfg = Release|Any CPU
		{6C7C10B4-61C3-415D-AD06-AF4CF7C9EE3E}.Release|Any CPU.Build.0 = Release|Any CPU
		{D1A1EE6D-28CB-4620-B880-76C5B1CDC384}.Debug|Any CPU.ActiveCfg = Debug|Any CPU
		{D1A1EE6D-28CB-4620-B880-76C5B1CDC384}.Debug|Any CPU.Build.0 = Debug|Any CPU
		{D1A1EE6D-28CB-4620-B880-76C5B1CDC384}.Release|Any CPU.ActiveCfg = Release|Any CPU
		{D1A1EE6D-28CB-4620-B880-76C5B1CDC384}.Release|Any CPU.Build.0 = Release|Any CPU
		{05DFFBC1-CD69-4A4B-B01A-236E2813399C}.Debug|Any CPU.ActiveCfg = Debug|Any CPU
		{05DFFBC1-CD69-4A4B-B01A-236E2813399C}.Debug|Any CPU.Build.0 = Debug|Any CPU
		{05DFFBC1-CD69-4A4B-B01A-236E2813399C}.Release|Any CPU.ActiveCfg = Release|Any CPU
		{05DFFBC1-CD69-4A4B-B01A-236E2813399C}.Release|Any CPU.Build.0 = Release|Any CPU
		{5D3994DE-BF3C-439F-A0D1-F8BA5A8694C1}.Debug|Any CPU.ActiveCfg = Debug|Any CPU
		{5D3994DE-BF3C-439F-A0D1-F8BA5A8694C1}.Debug|Any CPU.Build.0 = Debug|Any CPU
		{5D3994DE-BF3C-439F-A0D1-F8BA5A8694C1}.Release|Any CPU.ActiveCfg = Release|Any CPU
		{5D3994DE-BF3C-439F-A0D1-F8BA5A8694C1}.Release|Any CPU.Build.0 = Release|Any CPU
		{D4453F4A-2E84-4008-ACD9-7BF1D902F28C}.Debug|Any CPU.ActiveCfg = Debug|Any CPU
		{D4453F4A-2E84-4008-ACD9-7BF1D902F28C}.Debug|Any CPU.Build.0 = Debug|Any CPU
		{D4453F4A-2E84-4008-ACD9-7BF1D902F28C}.Release|Any CPU.ActiveCfg = Release|Any CPU
		{D4453F4A-2E84-4008-ACD9-7BF1D902F28C}.Release|Any CPU.Build.0 = Release|Any CPU
		{BC263CC0-E7E6-408C-B2D9-98FAFE5136B3}.Debug|Any CPU.ActiveCfg = Debug|Any CPU
		{BC263CC0-E7E6-408C-B2D9-98FAFE5136B3}.Debug|Any CPU.Build.0 = Debug|Any CPU
		{BC263CC0-E7E6-408C-B2D9-98FAFE5136B3}.Release|Any CPU.ActiveCfg = Release|Any CPU
		{BC263CC0-E7E6-408C-B2D9-98FAFE5136B3}.Release|Any CPU.Build.0 = Release|Any CPU
		{5F7DE71A-15FE-4929-AC0D-14818C001F10}.Debug|Any CPU.ActiveCfg = Debug|Any CPU
		{5F7DE71A-15FE-4929-AC0D-14818C001F10}.Debug|Any CPU.Build.0 = Debug|Any CPU
		{5F7DE71A-15FE-4929-AC0D-14818C001F10}.Release|Any CPU.ActiveCfg = Release|Any CPU
		{5F7DE71A-15FE-4929-AC0D-14818C001F10}.Release|Any CPU.Build.0 = Release|Any CPU
		{5156AAF2-D41A-4749-A031-9E0D7E69C16C}.Debug|Any CPU.ActiveCfg = Debug|Any CPU
		{5156AAF2-D41A-4749-A031-9E0D7E69C16C}.Debug|Any CPU.Build.0 = Debug|Any CPU
		{5156AAF2-D41A-4749-A031-9E0D7E69C16C}.Release|Any CPU.ActiveCfg = Release|Any CPU
		{5156AAF2-D41A-4749-A031-9E0D7E69C16C}.Release|Any CPU.Build.0 = Release|Any CPU
		{1AC0F0B1-1F63-48ED-969C-F6F38AD83951}.Debug|Any CPU.ActiveCfg = Debug|Any CPU
		{1AC0F0B1-1F63-48ED-969C-F6F38AD83951}.Debug|Any CPU.Build.0 = Debug|Any CPU
		{1AC0F0B1-1F63-48ED-969C-F6F38AD83951}.Release|Any CPU.ActiveCfg = Release|Any CPU
		{1AC0F0B1-1F63-48ED-969C-F6F38AD83951}.Release|Any CPU.Build.0 = Release|Any CPU
		{9515E115-2578-41C2-8EC9-B9A8EAAD86B1}.Debug|Any CPU.ActiveCfg = Debug|Any CPU
		{9515E115-2578-41C2-8EC9-B9A8EAAD86B1}.Debug|Any CPU.Build.0 = Debug|Any CPU
		{9515E115-2578-41C2-8EC9-B9A8EAAD86B1}.Release|Any CPU.ActiveCfg = Release|Any CPU
		{9515E115-2578-41C2-8EC9-B9A8EAAD86B1}.Release|Any CPU.Build.0 = Release|Any CPU
		{59CE7ACB-08DA-4C8C-9C28-B5479DEC1E8D}.Debug|Any CPU.ActiveCfg = Debug|Any CPU
		{59CE7ACB-08DA-4C8C-9C28-B5479DEC1E8D}.Debug|Any CPU.Build.0 = Debug|Any CPU
		{59CE7ACB-08DA-4C8C-9C28-B5479DEC1E8D}.Release|Any CPU.ActiveCfg = Release|Any CPU
		{59CE7ACB-08DA-4C8C-9C28-B5479DEC1E8D}.Release|Any CPU.Build.0 = Release|Any CPU
		{E673DA1C-8D87-4889-8DA7-5A5E1C4777D7}.Debug|Any CPU.ActiveCfg = Debug|Any CPU
		{E673DA1C-8D87-4889-8DA7-5A5E1C4777D7}.Debug|Any CPU.Build.0 = Debug|Any CPU
		{E673DA1C-8D87-4889-8DA7-5A5E1C4777D7}.Release|Any CPU.ActiveCfg = Release|Any CPU
		{E673DA1C-8D87-4889-8DA7-5A5E1C4777D7}.Release|Any CPU.Build.0 = Release|Any CPU
		{B7B1DA4A-A333-449F-836E-A88386722334}.Debug|Any CPU.ActiveCfg = Debug|Any CPU
		{B7B1DA4A-A333-449F-836E-A88386722334}.Debug|Any CPU.Build.0 = Debug|Any CPU
		{B7B1DA4A-A333-449F-836E-A88386722334}.Release|Any CPU.ActiveCfg = Release|Any CPU
		{B7B1DA4A-A333-449F-836E-A88386722334}.Release|Any CPU.Build.0 = Release|Any CPU
		{960564A6-3393-48C3-966B-E3163954F4CB}.Debug|Any CPU.ActiveCfg = Debug|Any CPU
		{960564A6-3393-48C3-966B-E3163954F4CB}.Debug|Any CPU.Build.0 = Debug|Any CPU
		{960564A6-3393-48C3-966B-E3163954F4CB}.Release|Any CPU.ActiveCfg = Release|Any CPU
		{960564A6-3393-48C3-966B-E3163954F4CB}.Release|Any CPU.Build.0 = Release|Any CPU
		{F4BB1FDE-C401-49B0-B0F2-86821E490003}.Debug|Any CPU.ActiveCfg = Debug|Any CPU
		{F4BB1FDE-C401-49B0-B0F2-86821E490003}.Debug|Any CPU.Build.0 = Debug|Any CPU
		{F4BB1FDE-C401-49B0-B0F2-86821E490003}.Release|Any CPU.ActiveCfg = Release|Any CPU
		{F4BB1FDE-C401-49B0-B0F2-86821E490003}.Release|Any CPU.Build.0 = Release|Any CPU
		{7627F36C-5B8E-4CFE-B608-168EAB63A44B}.Debug|Any CPU.ActiveCfg = Debug|Any CPU
		{7627F36C-5B8E-4CFE-B608-168EAB63A44B}.Debug|Any CPU.Build.0 = Debug|Any CPU
		{7627F36C-5B8E-4CFE-B608-168EAB63A44B}.Release|Any CPU.ActiveCfg = Release|Any CPU
		{7627F36C-5B8E-4CFE-B608-168EAB63A44B}.Release|Any CPU.Build.0 = Release|Any CPU
		{C628E00C-A476-4459-8B82-6B0299E66035}.Debug|Any CPU.ActiveCfg = Debug|Any CPU
		{C628E00C-A476-4459-8B82-6B0299E66035}.Debug|Any CPU.Build.0 = Debug|Any CPU
		{C628E00C-A476-4459-8B82-6B0299E66035}.Release|Any CPU.ActiveCfg = Release|Any CPU
		{C628E00C-A476-4459-8B82-6B0299E66035}.Release|Any CPU.Build.0 = Release|Any CPU
		{B383CCAF-6FF2-4BB2-A2FA-1A441D66F590}.Debug|Any CPU.ActiveCfg = Debug|Any CPU
		{B383CCAF-6FF2-4BB2-A2FA-1A441D66F590}.Debug|Any CPU.Build.0 = Debug|Any CPU
		{B383CCAF-6FF2-4BB2-A2FA-1A441D66F590}.Release|Any CPU.ActiveCfg = Release|Any CPU
		{B383CCAF-6FF2-4BB2-A2FA-1A441D66F590}.Release|Any CPU.Build.0 = Release|Any CPU
		{629447B0-15BF-414F-B2F0-1F474A15BEB9}.Debug|Any CPU.ActiveCfg = Debug|Any CPU
		{629447B0-15BF-414F-B2F0-1F474A15BEB9}.Debug|Any CPU.Build.0 = Debug|Any CPU
		{629447B0-15BF-414F-B2F0-1F474A15BEB9}.Release|Any CPU.ActiveCfg = Release|Any CPU
		{629447B0-15BF-414F-B2F0-1F474A15BEB9}.Release|Any CPU.Build.0 = Release|Any CPU
		{37F353CB-64D3-41DD-82A3-12007A4FBC4A}.Debug|Any CPU.ActiveCfg = Debug|Any CPU
		{37F353CB-64D3-41DD-82A3-12007A4FBC4A}.Debug|Any CPU.Build.0 = Debug|Any CPU
		{37F353CB-64D3-41DD-82A3-12007A4FBC4A}.Release|Any CPU.ActiveCfg = Release|Any CPU
		{37F353CB-64D3-41DD-82A3-12007A4FBC4A}.Release|Any CPU.Build.0 = Release|Any CPU
		{17E6EF8B-0430-4E44-BEFC-82BE1A3B9735}.Debug|Any CPU.ActiveCfg = Debug|Any CPU
		{17E6EF8B-0430-4E44-BEFC-82BE1A3B9735}.Debug|Any CPU.Build.0 = Debug|Any CPU
		{17E6EF8B-0430-4E44-BEFC-82BE1A3B9735}.Release|Any CPU.ActiveCfg = Release|Any CPU
		{17E6EF8B-0430-4E44-BEFC-82BE1A3B9735}.Release|Any CPU.Build.0 = Release|Any CPU
		{381DE97A-FC21-4163-B326-D7DDE02E4688}.Debug|Any CPU.ActiveCfg = Debug|Any CPU
		{381DE97A-FC21-4163-B326-D7DDE02E4688}.Debug|Any CPU.Build.0 = Debug|Any CPU
		{381DE97A-FC21-4163-B326-D7DDE02E4688}.Release|Any CPU.ActiveCfg = Release|Any CPU
		{381DE97A-FC21-4163-B326-D7DDE02E4688}.Release|Any CPU.Build.0 = Release|Any CPU
		{B5BCB654-3162-4AB3-823F-6AD72AE6EAEC}.Debug|Any CPU.ActiveCfg = Debug|Any CPU
		{B5BCB654-3162-4AB3-823F-6AD72AE6EAEC}.Debug|Any CPU.Build.0 = Debug|Any CPU
		{B5BCB654-3162-4AB3-823F-6AD72AE6EAEC}.Release|Any CPU.ActiveCfg = Release|Any CPU
		{B5BCB654-3162-4AB3-823F-6AD72AE6EAEC}.Release|Any CPU.Build.0 = Release|Any CPU
		{2B0E11BF-FC63-4BB3-9EC4-843F2B076051}.Debug|Any CPU.ActiveCfg = Debug|Any CPU
		{2B0E11BF-FC63-4BB3-9EC4-843F2B076051}.Debug|Any CPU.Build.0 = Debug|Any CPU
		{2B0E11BF-FC63-4BB3-9EC4-843F2B076051}.Release|Any CPU.ActiveCfg = Release|Any CPU
		{2B0E11BF-FC63-4BB3-9EC4-843F2B076051}.Release|Any CPU.Build.0 = Release|Any CPU
		{51E2C5CF-0127-4DA9-B8F0-4143A01E7910}.Debug|Any CPU.ActiveCfg = Debug|Any CPU
		{51E2C5CF-0127-4DA9-B8F0-4143A01E7910}.Debug|Any CPU.Build.0 = Debug|Any CPU
		{51E2C5CF-0127-4DA9-B8F0-4143A01E7910}.Release|Any CPU.ActiveCfg = Release|Any CPU
		{51E2C5CF-0127-4DA9-B8F0-4143A01E7910}.Release|Any CPU.Build.0 = Release|Any CPU
		{A8D1E6A5-BD47-459C-B3E2-D625206ECEB6}.Debug|Any CPU.ActiveCfg = Debug|Any CPU
		{A8D1E6A5-BD47-459C-B3E2-D625206ECEB6}.Debug|Any CPU.Build.0 = Debug|Any CPU
		{A8D1E6A5-BD47-459C-B3E2-D625206ECEB6}.Release|Any CPU.ActiveCfg = Release|Any CPU
		{A8D1E6A5-BD47-459C-B3E2-D625206ECEB6}.Release|Any CPU.Build.0 = Release|Any CPU
		{8FE747A3-CD77-4DED-96A0-632C6C7C9C34}.Debug|Any CPU.ActiveCfg = Debug|Any CPU
		{8FE747A3-CD77-4DED-96A0-632C6C7C9C34}.Debug|Any CPU.Build.0 = Debug|Any CPU
		{8FE747A3-CD77-4DED-96A0-632C6C7C9C34}.Release|Any CPU.ActiveCfg = Release|Any CPU
		{8FE747A3-CD77-4DED-96A0-632C6C7C9C34}.Release|Any CPU.Build.0 = Release|Any CPU
		{D3223519-515E-4329-9B28-6A20D5B2D484}.Debug|Any CPU.ActiveCfg = Debug|Any CPU
		{D3223519-515E-4329-9B28-6A20D5B2D484}.Debug|Any CPU.Build.0 = Debug|Any CPU
		{D3223519-515E-4329-9B28-6A20D5B2D484}.Release|Any CPU.ActiveCfg = Release|Any CPU
		{D3223519-515E-4329-9B28-6A20D5B2D484}.Release|Any CPU.Build.0 = Release|Any CPU
		{0AA5DD88-B128-4FCD-A299-65D46DF8939C}.Debug|Any CPU.ActiveCfg = Debug|Any CPU
		{0AA5DD88-B128-4FCD-A299-65D46DF8939C}.Debug|Any CPU.Build.0 = Debug|Any CPU
		{0AA5DD88-B128-4FCD-A299-65D46DF8939C}.Release|Any CPU.ActiveCfg = Release|Any CPU
		{0AA5DD88-B128-4FCD-A299-65D46DF8939C}.Release|Any CPU.Build.0 = Release|Any CPU
		{7324F8DD-2144-4F9F-937E-F45399888896}.Debug|Any CPU.ActiveCfg = Debug|Any CPU
		{7324F8DD-2144-4F9F-937E-F45399888896}.Debug|Any CPU.Build.0 = Debug|Any CPU
		{7324F8DD-2144-4F9F-937E-F45399888896}.Release|Any CPU.ActiveCfg = Release|Any CPU
		{7324F8DD-2144-4F9F-937E-F45399888896}.Release|Any CPU.Build.0 = Release|Any CPU
	EndGlobalSection
	GlobalSection(SolutionProperties) = preSolution
		HideSolutionNode = FALSE
	EndGlobalSection
	GlobalSection(ExtensibilityGlobals) = postSolution
		SolutionGuid = {1618B970-E604-492A-A9E5-D6B1E6450113}
	EndGlobalSection
EndGlobal
